// !$*UTF8*$!
{
	archiveVersion = 1;
	classes = {
	};
	objectVersion = 51;
	objects = {

/* Begin PBXBuildFile section */
		78146A58266160A100CDDFDA /* GoogleService-Info.plist in Resources */ = {isa = PBXBuildFile; fileRef = 78146A57266160A100CDDFDA /* GoogleService-Info.plist */; };
		781B39F1267F51C300A90EC2 /* MainTabBarTabView.swift in Sources */ = {isa = PBXBuildFile; fileRef = 781B39F0267F51C300A90EC2 /* MainTabBarTabView.swift */; };
		782D0634265C23CA001DE889 /* HomePageViewModel.swift in Sources */ = {isa = PBXBuildFile; fileRef = 782D0633265C23CA001DE889 /* HomePageViewModel.swift */; };
		782D0639265C2CDD001DE889 /* HomePageRouter.swift in Sources */ = {isa = PBXBuildFile; fileRef = 782D0638265C2CDD001DE889 /* HomePageRouter.swift */; };
		782DD96C265A9FE700FDE44B /* HomePageView.swift in Sources */ = {isa = PBXBuildFile; fileRef = 782DD96B265A9FE700FDE44B /* HomePageView.swift */; };
		782DD96F265AA15900FDE44B /* UIView+Extensions.swift in Sources */ = {isa = PBXBuildFile; fileRef = 782DD96E265AA15900FDE44B /* UIView+Extensions.swift */; };
		782DD972265AA2EA00FDE44B /* Images.xcassets in Resources */ = {isa = PBXBuildFile; fileRef = 782DD971265AA2EA00FDE44B /* Images.xcassets */; };
		782DD974265AA7F900FDE44B /* ImagePickerManager.swift in Sources */ = {isa = PBXBuildFile; fileRef = 782DD973265AA7F900FDE44B /* ImagePickerManager.swift */; };
		7843D535267FA74100768083 /* TextStyle.swift in Sources */ = {isa = PBXBuildFile; fileRef = 7843D534267FA74100768083 /* TextStyle.swift */; };
		7843D537267FB77800768083 /* UILabel+StyledText.swift in Sources */ = {isa = PBXBuildFile; fileRef = 7843D536267FB77800768083 /* UILabel+StyledText.swift */; };
		7843D53B267FB91200768083 /* TextStyle+Default.swift in Sources */ = {isa = PBXBuildFile; fileRef = 7843D53A267FB91200768083 /* TextStyle+Default.swift */; };
		7843D550267FBB0100768083 /* FiraSans-Thin.ttf in Resources */ = {isa = PBXBuildFile; fileRef = 7843D53E267FBB0100768083 /* FiraSans-Thin.ttf */; };
		7843D551267FBB0100768083 /* FiraSans-ExtraLightItalic.ttf in Resources */ = {isa = PBXBuildFile; fileRef = 7843D53F267FBB0100768083 /* FiraSans-ExtraLightItalic.ttf */; };
		7843D552267FBB0100768083 /* FiraSans-LightItalic.ttf in Resources */ = {isa = PBXBuildFile; fileRef = 7843D540267FBB0100768083 /* FiraSans-LightItalic.ttf */; };
		7843D553267FBB0100768083 /* FiraSans-Medium.ttf in Resources */ = {isa = PBXBuildFile; fileRef = 7843D541267FBB0100768083 /* FiraSans-Medium.ttf */; };
		7843D554267FBB0100768083 /* FiraSans-BoldItalic.ttf in Resources */ = {isa = PBXBuildFile; fileRef = 7843D542267FBB0100768083 /* FiraSans-BoldItalic.ttf */; };
		7843D555267FBB0100768083 /* FiraSans-Bold.ttf in Resources */ = {isa = PBXBuildFile; fileRef = 7843D543267FBB0100768083 /* FiraSans-Bold.ttf */; };
		7843D556267FBB0100768083 /* FiraSans-ExtraLight.ttf in Resources */ = {isa = PBXBuildFile; fileRef = 7843D544267FBB0100768083 /* FiraSans-ExtraLight.ttf */; };
		7843D557267FBB0100768083 /* FiraSans-ThinItalic.ttf in Resources */ = {isa = PBXBuildFile; fileRef = 7843D545267FBB0100768083 /* FiraSans-ThinItalic.ttf */; };
		7843D558267FBB0100768083 /* FiraSans-MediumItalic.ttf in Resources */ = {isa = PBXBuildFile; fileRef = 7843D546267FBB0100768083 /* FiraSans-MediumItalic.ttf */; };
		7843D559267FBB0100768083 /* FiraSans-BlackItalic.ttf in Resources */ = {isa = PBXBuildFile; fileRef = 7843D547267FBB0100768083 /* FiraSans-BlackItalic.ttf */; };
		7843D55A267FBB0100768083 /* FiraSans-Light.ttf in Resources */ = {isa = PBXBuildFile; fileRef = 7843D548267FBB0100768083 /* FiraSans-Light.ttf */; };
		7843D55B267FBB0100768083 /* FiraSans-Black.ttf in Resources */ = {isa = PBXBuildFile; fileRef = 7843D549267FBB0100768083 /* FiraSans-Black.ttf */; };
		7843D55C267FBB0100768083 /* FiraSans-ExtraBold.ttf in Resources */ = {isa = PBXBuildFile; fileRef = 7843D54A267FBB0100768083 /* FiraSans-ExtraBold.ttf */; };
		7843D55D267FBB0100768083 /* FiraSans-SemiBold.ttf in Resources */ = {isa = PBXBuildFile; fileRef = 7843D54B267FBB0100768083 /* FiraSans-SemiBold.ttf */; };
		7843D55E267FBB0100768083 /* FiraSans-SemiBoldItalic.ttf in Resources */ = {isa = PBXBuildFile; fileRef = 7843D54C267FBB0100768083 /* FiraSans-SemiBoldItalic.ttf */; };
		7843D55F267FBB0100768083 /* FiraSans-ExtraBoldItalic.ttf in Resources */ = {isa = PBXBuildFile; fileRef = 7843D54D267FBB0100768083 /* FiraSans-ExtraBoldItalic.ttf */; };
		7843D560267FBB0100768083 /* FiraSans-Regular.ttf in Resources */ = {isa = PBXBuildFile; fileRef = 7843D54E267FBB0100768083 /* FiraSans-Regular.ttf */; };
		7843D561267FBB0100768083 /* FiraSans-Italic.ttf in Resources */ = {isa = PBXBuildFile; fileRef = 7843D54F267FBB0100768083 /* FiraSans-Italic.ttf */; };
		7843D563267FBBE300768083 /* Fonts.swift in Sources */ = {isa = PBXBuildFile; fileRef = 7843D562267FBBE300768083 /* Fonts.swift */; };
		7849E1A326626265003DBD19 /* NetworkError.swift in Sources */ = {isa = PBXBuildFile; fileRef = 7849E1A226626265003DBD19 /* NetworkError.swift */; };
		7849E1A72662674C003DBD19 /* AlertPresentable.swift in Sources */ = {isa = PBXBuildFile; fileRef = 7849E1A62662674C003DBD19 /* AlertPresentable.swift */; };
		7849E1A9266267D6003DBD19 /* UIViewController+AlertPresentable.swift in Sources */ = {isa = PBXBuildFile; fileRef = 7849E1A8266267D6003DBD19 /* UIViewController+AlertPresentable.swift */; };
		7849E1AC26626A49003DBD19 /* PlantIdSuggestionDetails.swift in Sources */ = {isa = PBXBuildFile; fileRef = 7849E1AB26626A49003DBD19 /* PlantIdSuggestionDetails.swift */; };
		7849E1AE26626C72003DBD19 /* PlantIdService.swift in Sources */ = {isa = PBXBuildFile; fileRef = 7849E1AD26626C72003DBD19 /* PlantIdService.swift */; };
		7849E1BC266293F1003DBD19 /* UIImage+Base64.swift in Sources */ = {isa = PBXBuildFile; fileRef = 7849E1BB266293F1003DBD19 /* UIImage+Base64.swift */; };
		7849E1BE266294B6003DBD19 /* PlantIdPlantRecognitionServiceProxy.swift in Sources */ = {isa = PBXBuildFile; fileRef = 7849E1BD266294B6003DBD19 /* PlantIdPlantRecognitionServiceProxy.swift */; };
		7849E1C0266395B5003DBD19 /* Action.swift in Sources */ = {isa = PBXBuildFile; fileRef = 7849E1BF266395B5003DBD19 /* Action.swift */; };
		7849E1C42663A6F8003DBD19 /* PlantRecognitionResultView.swift in Sources */ = {isa = PBXBuildFile; fileRef = 7849E1C32663A6F8003DBD19 /* PlantRecognitionResultView.swift */; };
		7849E1C62663AAB6003DBD19 /* UIStackView+Extensions.swift in Sources */ = {isa = PBXBuildFile; fileRef = 7849E1C52663AAB6003DBD19 /* UIStackView+Extensions.swift */; };
		7849E1C82663AEE8003DBD19 /* PlantRecognitionServiceProxyResult.swift in Sources */ = {isa = PBXBuildFile; fileRef = 7849E1C72663AEE8003DBD19 /* PlantRecognitionServiceProxyResult.swift */; };
		785C7DB6267FA108002267E4 /* Colors.xcassets in Resources */ = {isa = PBXBuildFile; fileRef = 785C7DB5267FA108002267E4 /* Colors.xcassets */; };
		786F571B265D9A0E004E45EF /* PlantIdSuggestions.swift in Sources */ = {isa = PBXBuildFile; fileRef = 786F571A265D9A0E004E45EF /* PlantIdSuggestions.swift */; };
		786F571D265D9A39004E45EF /* PlantIdSuggestion.swift in Sources */ = {isa = PBXBuildFile; fileRef = 786F571C265D9A39004E45EF /* PlantIdSuggestion.swift */; };
		786F5721265D9ABF004E45EF /* PlantIdServiceProtocol.swift in Sources */ = {isa = PBXBuildFile; fileRef = 786F5720265D9ABF004E45EF /* PlantIdServiceProtocol.swift */; };
		7891EE79265D7D6A005BEAE1 /* Transitionable.swift in Sources */ = {isa = PBXBuildFile; fileRef = 7891EE78265D7D6A005BEAE1 /* Transitionable.swift */; };
		78989D3C265EE78400D5DAC5 /* PlantIdIdentifyRequest.swift in Sources */ = {isa = PBXBuildFile; fileRef = 78989D3B265EE78400D5DAC5 /* PlantIdIdentifyRequest.swift */; };
		78989D40265EE8B500D5DAC5 /* PlantRecognitionServiceProxyProtocol.swift in Sources */ = {isa = PBXBuildFile; fileRef = 78989D3F265EE8B500D5DAC5 /* PlantRecognitionServiceProxyProtocol.swift */; };
		78989D42265EEE0200D5DAC5 /* PlantRecognitionDemoServiceProxy.swift in Sources */ = {isa = PBXBuildFile; fileRef = 78989D41265EEE0200D5DAC5 /* PlantRecognitionDemoServiceProxy.swift */; };
		78B33435268132A200D31353 /* Copyable.swift in Sources */ = {isa = PBXBuildFile; fileRef = 78B33434268132A200D31353 /* Copyable.swift */; };
		78C7259B2663B2E8005AA717 /* PlantRecognitionServiceProxyFactory.swift in Sources */ = {isa = PBXBuildFile; fileRef = 78C7259A2663B2E8005AA717 /* PlantRecognitionServiceProxyFactory.swift */; };
		78C7259D2663B5C2005AA717 /* UIView+LoaderPresentable.swift in Sources */ = {isa = PBXBuildFile; fileRef = 78C7259C2663B5C2005AA717 /* UIView+LoaderPresentable.swift */; };
		78C7259F2663B5F4005AA717 /* LoaderPresentable.swift in Sources */ = {isa = PBXBuildFile; fileRef = 78C7259E2663B5F4005AA717 /* LoaderPresentable.swift */; };
		78C725A12663B626005AA717 /* AlertLoaderPresentable.swift in Sources */ = {isa = PBXBuildFile; fileRef = 78C725A02663B626005AA717 /* AlertLoaderPresentable.swift */; };
		78C725A32663B6CB005AA717 /* Double+Round.swift in Sources */ = {isa = PBXBuildFile; fileRef = 78C725A22663B6CB005AA717 /* Double+Round.swift */; };
		78C725A52663B9AD005AA717 /* UIImage+Resize.swift in Sources */ = {isa = PBXBuildFile; fileRef = 78C725A42663B9AD005AA717 /* UIImage+Resize.swift */; };
		78CF13CC265A990200D5815F /* HomePageViewController.swift in Sources */ = {isa = PBXBuildFile; fileRef = 78CF13CB265A990200D5815F /* HomePageViewController.swift */; };
		78CF13CE265A991300D5815F /* HomePageFactory.swift in Sources */ = {isa = PBXBuildFile; fileRef = 78CF13CD265A991300D5815F /* HomePageFactory.swift */; };
		78DED1A5267E639500A7BC84 /* MyPlantsTabFactory.swift in Sources */ = {isa = PBXBuildFile; fileRef = 78DED1A0267E639500A7BC84 /* MyPlantsTabFactory.swift */; };
		78DED1A6267E639500A7BC84 /* MyPlantsTabRouter.swift in Sources */ = {isa = PBXBuildFile; fileRef = 78DED1A1267E639500A7BC84 /* MyPlantsTabRouter.swift */; };
		78DED1A7267E639500A7BC84 /* MyPlantsTabViewController.swift in Sources */ = {isa = PBXBuildFile; fileRef = 78DED1A2267E639500A7BC84 /* MyPlantsTabViewController.swift */; };
		78DED1A8267E639500A7BC84 /* MyPlantsTabView.swift in Sources */ = {isa = PBXBuildFile; fileRef = 78DED1A3267E639500A7BC84 /* MyPlantsTabView.swift */; };
		78DED1A9267E639500A7BC84 /* MyPlantsTabViewModel.swift in Sources */ = {isa = PBXBuildFile; fileRef = 78DED1A4267E639500A7BC84 /* MyPlantsTabViewModel.swift */; };
		78DED1AF267E640400A7BC84 /* SearchTabFactory.swift in Sources */ = {isa = PBXBuildFile; fileRef = 78DED1AA267E640400A7BC84 /* SearchTabFactory.swift */; };
		78DED1B0267E640400A7BC84 /* SearchTabRouter.swift in Sources */ = {isa = PBXBuildFile; fileRef = 78DED1AB267E640400A7BC84 /* SearchTabRouter.swift */; };
		78DED1B1267E640400A7BC84 /* SearchTabViewController.swift in Sources */ = {isa = PBXBuildFile; fileRef = 78DED1AC267E640400A7BC84 /* SearchTabViewController.swift */; };
		78DED1B2267E640400A7BC84 /* SearchTabView.swift in Sources */ = {isa = PBXBuildFile; fileRef = 78DED1AD267E640400A7BC84 /* SearchTabView.swift */; };
		78DED1B3267E640400A7BC84 /* SearchTabViewModel.swift in Sources */ = {isa = PBXBuildFile; fileRef = 78DED1AE267E640400A7BC84 /* SearchTabViewModel.swift */; };
		78DED1B9267E641100A7BC84 /* SettingsTabFactory.swift in Sources */ = {isa = PBXBuildFile; fileRef = 78DED1B4267E641100A7BC84 /* SettingsTabFactory.swift */; };
		78DED1BA267E641100A7BC84 /* SettingsTabRouter.swift in Sources */ = {isa = PBXBuildFile; fileRef = 78DED1B5267E641100A7BC84 /* SettingsTabRouter.swift */; };
		78DED1BB267E641100A7BC84 /* SettingsTabViewController.swift in Sources */ = {isa = PBXBuildFile; fileRef = 78DED1B6267E641100A7BC84 /* SettingsTabViewController.swift */; };
		78DED1BC267E641100A7BC84 /* SettingsTabView.swift in Sources */ = {isa = PBXBuildFile; fileRef = 78DED1B7267E641100A7BC84 /* SettingsTabView.swift */; };
		78DED1BD267E641100A7BC84 /* SettingsTabViewModel.swift in Sources */ = {isa = PBXBuildFile; fileRef = 78DED1B8267E641100A7BC84 /* SettingsTabViewModel.swift */; };
		78DED1C4267E64AA00A7BC84 /* MainTabBarFactory.swift in Sources */ = {isa = PBXBuildFile; fileRef = 78DED1BF267E64AA00A7BC84 /* MainTabBarFactory.swift */; };
		78DED1C5267E64AA00A7BC84 /* MainTabBarRouter.swift in Sources */ = {isa = PBXBuildFile; fileRef = 78DED1C0267E64AA00A7BC84 /* MainTabBarRouter.swift */; };
		78DED1C6267E64AA00A7BC84 /* MainTabBarViewController.swift in Sources */ = {isa = PBXBuildFile; fileRef = 78DED1C1267E64AA00A7BC84 /* MainTabBarViewController.swift */; };
		78DED1C8267E64AA00A7BC84 /* MainTabBarViewModel.swift in Sources */ = {isa = PBXBuildFile; fileRef = 78DED1C3267E64AA00A7BC84 /* MainTabBarViewModel.swift */; };
		78DED1CA267E688D00A7BC84 /* MainTabBarTabs.swift in Sources */ = {isa = PBXBuildFile; fileRef = 78DED1C9267E688D00A7BC84 /* MainTabBarTabs.swift */; };
		78DED1D7267E846100A7BC84 /* ImageAssets.swift in Sources */ = {isa = PBXBuildFile; fileRef = 78DED1D5267E846100A7BC84 /* ImageAssets.swift */; };
		78DED1D8267E846100A7BC84 /* LocalizationStrings.swift in Sources */ = {isa = PBXBuildFile; fileRef = 78DED1D6267E846100A7BC84 /* LocalizationStrings.swift */; };
		78DED1DB267E862700A7BC84 /* Localizable.strings in Resources */ = {isa = PBXBuildFile; fileRef = 78DED1DD267E862700A7BC84 /* Localizable.strings */; };
		78E8E1FF26811177000695A9 /* PlantCardView.swift in Sources */ = {isa = PBXBuildFile; fileRef = 78E8E1FE26811177000695A9 /* PlantCardView.swift */; };
		78E8E201268114FD000695A9 /* CGFloat+Gaps.swift in Sources */ = {isa = PBXBuildFile; fileRef = 78E8E200268114FD000695A9 /* CGFloat+Gaps.swift */; };
		78FB9287265A915800986DA5 /* AppDelegate.swift in Sources */ = {isa = PBXBuildFile; fileRef = 78FB9286265A915800986DA5 /* AppDelegate.swift */; };
		78FB9293265A915A00986DA5 /* LaunchScreen.storyboard in Resources */ = {isa = PBXBuildFile; fileRef = 78FB9291265A915A00986DA5 /* LaunchScreen.storyboard */; };
		78FB929E265A915A00986DA5 /* PlantRecognitionTests.swift in Sources */ = {isa = PBXBuildFile; fileRef = 78FB929D265A915A00986DA5 /* PlantRecognitionTests.swift */; };
		78FB92A9265A915A00986DA5 /* PlantRecognitionUITests.swift in Sources */ = {isa = PBXBuildFile; fileRef = 78FB92A8265A915A00986DA5 /* PlantRecognitionUITests.swift */; };
		78FB92B9265A93AF00986DA5 /* AppEntryPointFactory.swift in Sources */ = {isa = PBXBuildFile; fileRef = 78FB92B8265A93AF00986DA5 /* AppEntryPointFactory.swift */; };
		7D5BC1ABC6A109E0038E3B5D /* Pods_PlantRecognitionTests.framework in Frameworks */ = {isa = PBXBuildFile; fileRef = 58AFD0E82AE01CE70AE772B3 /* Pods_PlantRecognitionTests.framework */; };
		7FFEE6BF8BDEC3338E6DD31E /* Pods_PlantRecognition_PlantRecognitionUITests.framework in Frameworks */ = {isa = PBXBuildFile; fileRef = 662C506A0B6D00A6516932FD /* Pods_PlantRecognition_PlantRecognitionUITests.framework */; };
		F4C4AEC43584FD0440483495 /* Pods_PlantRecognition.framework in Frameworks */ = {isa = PBXBuildFile; fileRef = 4FDBAEF4EB6460347CF475B1 /* Pods_PlantRecognition.framework */; };
/* End PBXBuildFile section */

/* Begin PBXContainerItemProxy section */
		78FB929A265A915A00986DA5 /* PBXContainerItemProxy */ = {
			isa = PBXContainerItemProxy;
			containerPortal = 78FB927B265A915800986DA5 /* Project object */;
			proxyType = 1;
			remoteGlobalIDString = 78FB9282265A915800986DA5;
			remoteInfo = PlantRecognition;
		};
		78FB92A5265A915A00986DA5 /* PBXContainerItemProxy */ = {
			isa = PBXContainerItemProxy;
			containerPortal = 78FB927B265A915800986DA5 /* Project object */;
			proxyType = 1;
			remoteGlobalIDString = 78FB9282265A915800986DA5;
			remoteInfo = PlantRecognition;
		};
/* End PBXContainerItemProxy section */

/* Begin PBXFileReference section */
		0C66529D59DA9B77B7E17012 /* Pods-PlantRecognition.release.xcconfig */ = {isa = PBXFileReference; includeInIndex = 1; lastKnownFileType = text.xcconfig; name = "Pods-PlantRecognition.release.xcconfig"; path = "Target Support Files/Pods-PlantRecognition/Pods-PlantRecognition.release.xcconfig"; sourceTree = "<group>"; };
		1207E29BC8CAA2BD6F9FFBE2 /* Pods-PlantRecognition.debug.xcconfig */ = {isa = PBXFileReference; includeInIndex = 1; lastKnownFileType = text.xcconfig; name = "Pods-PlantRecognition.debug.xcconfig"; path = "Target Support Files/Pods-PlantRecognition/Pods-PlantRecognition.debug.xcconfig"; sourceTree = "<group>"; };
		4FDBAEF4EB6460347CF475B1 /* Pods_PlantRecognition.framework */ = {isa = PBXFileReference; explicitFileType = wrapper.framework; includeInIndex = 0; path = Pods_PlantRecognition.framework; sourceTree = BUILT_PRODUCTS_DIR; };
		58AFD0E82AE01CE70AE772B3 /* Pods_PlantRecognitionTests.framework */ = {isa = PBXFileReference; explicitFileType = wrapper.framework; includeInIndex = 0; path = Pods_PlantRecognitionTests.framework; sourceTree = BUILT_PRODUCTS_DIR; };
		662C506A0B6D00A6516932FD /* Pods_PlantRecognition_PlantRecognitionUITests.framework */ = {isa = PBXFileReference; explicitFileType = wrapper.framework; includeInIndex = 0; path = Pods_PlantRecognition_PlantRecognitionUITests.framework; sourceTree = BUILT_PRODUCTS_DIR; };
		6DD2E0704627A14ADC7966F7 /* Pods-PlantRecognitionTests.release.xcconfig */ = {isa = PBXFileReference; includeInIndex = 1; lastKnownFileType = text.xcconfig; name = "Pods-PlantRecognitionTests.release.xcconfig"; path = "Target Support Files/Pods-PlantRecognitionTests/Pods-PlantRecognitionTests.release.xcconfig"; sourceTree = "<group>"; };
		78146A57266160A100CDDFDA /* GoogleService-Info.plist */ = {isa = PBXFileReference; fileEncoding = 4; lastKnownFileType = text.plist.xml; path = "GoogleService-Info.plist"; sourceTree = "<group>"; };
		781B39F0267F51C300A90EC2 /* MainTabBarTabView.swift */ = {isa = PBXFileReference; lastKnownFileType = sourcecode.swift; path = MainTabBarTabView.swift; sourceTree = "<group>"; };
		782D0633265C23CA001DE889 /* HomePageViewModel.swift */ = {isa = PBXFileReference; lastKnownFileType = sourcecode.swift; path = HomePageViewModel.swift; sourceTree = "<group>"; };
		782D0638265C2CDD001DE889 /* HomePageRouter.swift */ = {isa = PBXFileReference; lastKnownFileType = sourcecode.swift; path = HomePageRouter.swift; sourceTree = "<group>"; };
		782DD96B265A9FE700FDE44B /* HomePageView.swift */ = {isa = PBXFileReference; lastKnownFileType = sourcecode.swift; path = HomePageView.swift; sourceTree = "<group>"; };
		782DD96E265AA15900FDE44B /* UIView+Extensions.swift */ = {isa = PBXFileReference; lastKnownFileType = sourcecode.swift; path = "UIView+Extensions.swift"; sourceTree = "<group>"; };
		782DD971265AA2EA00FDE44B /* Images.xcassets */ = {isa = PBXFileReference; lastKnownFileType = folder.assetcatalog; path = Images.xcassets; sourceTree = "<group>"; };
		782DD973265AA7F900FDE44B /* ImagePickerManager.swift */ = {isa = PBXFileReference; lastKnownFileType = sourcecode.swift; path = ImagePickerManager.swift; sourceTree = "<group>"; };
		7843D534267FA74100768083 /* TextStyle.swift */ = {isa = PBXFileReference; lastKnownFileType = sourcecode.swift; path = TextStyle.swift; sourceTree = "<group>"; };
		7843D536267FB77800768083 /* UILabel+StyledText.swift */ = {isa = PBXFileReference; lastKnownFileType = sourcecode.swift; path = "UILabel+StyledText.swift"; sourceTree = "<group>"; };
		7843D53A267FB91200768083 /* TextStyle+Default.swift */ = {isa = PBXFileReference; lastKnownFileType = sourcecode.swift; path = "TextStyle+Default.swift"; sourceTree = "<group>"; };
		7843D53E267FBB0100768083 /* FiraSans-Thin.ttf */ = {isa = PBXFileReference; lastKnownFileType = file; path = "FiraSans-Thin.ttf"; sourceTree = "<group>"; };
		7843D53F267FBB0100768083 /* FiraSans-ExtraLightItalic.ttf */ = {isa = PBXFileReference; lastKnownFileType = file; path = "FiraSans-ExtraLightItalic.ttf"; sourceTree = "<group>"; };
		7843D540267FBB0100768083 /* FiraSans-LightItalic.ttf */ = {isa = PBXFileReference; lastKnownFileType = file; path = "FiraSans-LightItalic.ttf"; sourceTree = "<group>"; };
		7843D541267FBB0100768083 /* FiraSans-Medium.ttf */ = {isa = PBXFileReference; lastKnownFileType = file; path = "FiraSans-Medium.ttf"; sourceTree = "<group>"; };
		7843D542267FBB0100768083 /* FiraSans-BoldItalic.ttf */ = {isa = PBXFileReference; lastKnownFileType = file; path = "FiraSans-BoldItalic.ttf"; sourceTree = "<group>"; };
		7843D543267FBB0100768083 /* FiraSans-Bold.ttf */ = {isa = PBXFileReference; lastKnownFileType = file; path = "FiraSans-Bold.ttf"; sourceTree = "<group>"; };
		7843D544267FBB0100768083 /* FiraSans-ExtraLight.ttf */ = {isa = PBXFileReference; lastKnownFileType = file; path = "FiraSans-ExtraLight.ttf"; sourceTree = "<group>"; };
		7843D545267FBB0100768083 /* FiraSans-ThinItalic.ttf */ = {isa = PBXFileReference; lastKnownFileType = file; path = "FiraSans-ThinItalic.ttf"; sourceTree = "<group>"; };
		7843D546267FBB0100768083 /* FiraSans-MediumItalic.ttf */ = {isa = PBXFileReference; lastKnownFileType = file; path = "FiraSans-MediumItalic.ttf"; sourceTree = "<group>"; };
		7843D547267FBB0100768083 /* FiraSans-BlackItalic.ttf */ = {isa = PBXFileReference; lastKnownFileType = file; path = "FiraSans-BlackItalic.ttf"; sourceTree = "<group>"; };
		7843D548267FBB0100768083 /* FiraSans-Light.ttf */ = {isa = PBXFileReference; lastKnownFileType = file; path = "FiraSans-Light.ttf"; sourceTree = "<group>"; };
		7843D549267FBB0100768083 /* FiraSans-Black.ttf */ = {isa = PBXFileReference; lastKnownFileType = file; path = "FiraSans-Black.ttf"; sourceTree = "<group>"; };
		7843D54A267FBB0100768083 /* FiraSans-ExtraBold.ttf */ = {isa = PBXFileReference; lastKnownFileType = file; path = "FiraSans-ExtraBold.ttf"; sourceTree = "<group>"; };
		7843D54B267FBB0100768083 /* FiraSans-SemiBold.ttf */ = {isa = PBXFileReference; lastKnownFileType = file; path = "FiraSans-SemiBold.ttf"; sourceTree = "<group>"; };
		7843D54C267FBB0100768083 /* FiraSans-SemiBoldItalic.ttf */ = {isa = PBXFileReference; lastKnownFileType = file; path = "FiraSans-SemiBoldItalic.ttf"; sourceTree = "<group>"; };
		7843D54D267FBB0100768083 /* FiraSans-ExtraBoldItalic.ttf */ = {isa = PBXFileReference; lastKnownFileType = file; path = "FiraSans-ExtraBoldItalic.ttf"; sourceTree = "<group>"; };
		7843D54E267FBB0100768083 /* FiraSans-Regular.ttf */ = {isa = PBXFileReference; lastKnownFileType = file; path = "FiraSans-Regular.ttf"; sourceTree = "<group>"; };
		7843D54F267FBB0100768083 /* FiraSans-Italic.ttf */ = {isa = PBXFileReference; lastKnownFileType = file; path = "FiraSans-Italic.ttf"; sourceTree = "<group>"; };
		7843D562267FBBE300768083 /* Fonts.swift */ = {isa = PBXFileReference; fileEncoding = 4; lastKnownFileType = sourcecode.swift; path = Fonts.swift; sourceTree = "<group>"; };
		7849E1A226626265003DBD19 /* NetworkError.swift */ = {isa = PBXFileReference; lastKnownFileType = sourcecode.swift; path = NetworkError.swift; sourceTree = "<group>"; };
		7849E1A62662674C003DBD19 /* AlertPresentable.swift */ = {isa = PBXFileReference; lastKnownFileType = sourcecode.swift; path = AlertPresentable.swift; sourceTree = "<group>"; };
		7849E1A8266267D6003DBD19 /* UIViewController+AlertPresentable.swift */ = {isa = PBXFileReference; lastKnownFileType = sourcecode.swift; path = "UIViewController+AlertPresentable.swift"; sourceTree = "<group>"; };
		7849E1AB26626A49003DBD19 /* PlantIdSuggestionDetails.swift */ = {isa = PBXFileReference; lastKnownFileType = sourcecode.swift; path = PlantIdSuggestionDetails.swift; sourceTree = "<group>"; };
		7849E1AD26626C72003DBD19 /* PlantIdService.swift */ = {isa = PBXFileReference; lastKnownFileType = sourcecode.swift; path = PlantIdService.swift; sourceTree = "<group>"; };
		7849E1BB266293F1003DBD19 /* UIImage+Base64.swift */ = {isa = PBXFileReference; lastKnownFileType = sourcecode.swift; path = "UIImage+Base64.swift"; sourceTree = "<group>"; };
		7849E1BD266294B6003DBD19 /* PlantIdPlantRecognitionServiceProxy.swift */ = {isa = PBXFileReference; lastKnownFileType = sourcecode.swift; path = PlantIdPlantRecognitionServiceProxy.swift; sourceTree = "<group>"; };
		7849E1BF266395B5003DBD19 /* Action.swift */ = {isa = PBXFileReference; lastKnownFileType = sourcecode.swift; path = Action.swift; sourceTree = "<group>"; };
		7849E1C32663A6F8003DBD19 /* PlantRecognitionResultView.swift */ = {isa = PBXFileReference; lastKnownFileType = sourcecode.swift; path = PlantRecognitionResultView.swift; sourceTree = "<group>"; };
		7849E1C52663AAB6003DBD19 /* UIStackView+Extensions.swift */ = {isa = PBXFileReference; lastKnownFileType = sourcecode.swift; path = "UIStackView+Extensions.swift"; sourceTree = "<group>"; };
		7849E1C72663AEE8003DBD19 /* PlantRecognitionServiceProxyResult.swift */ = {isa = PBXFileReference; lastKnownFileType = sourcecode.swift; path = PlantRecognitionServiceProxyResult.swift; sourceTree = "<group>"; };
		785C7DB5267FA108002267E4 /* Colors.xcassets */ = {isa = PBXFileReference; lastKnownFileType = folder.assetcatalog; path = Colors.xcassets; sourceTree = "<group>"; };
		786F571A265D9A0E004E45EF /* PlantIdSuggestions.swift */ = {isa = PBXFileReference; lastKnownFileType = sourcecode.swift; path = PlantIdSuggestions.swift; sourceTree = "<group>"; };
		786F571C265D9A39004E45EF /* PlantIdSuggestion.swift */ = {isa = PBXFileReference; lastKnownFileType = sourcecode.swift; path = PlantIdSuggestion.swift; sourceTree = "<group>"; };
		786F5720265D9ABF004E45EF /* PlantIdServiceProtocol.swift */ = {isa = PBXFileReference; lastKnownFileType = sourcecode.swift; path = PlantIdServiceProtocol.swift; sourceTree = "<group>"; };
		7891EE78265D7D6A005BEAE1 /* Transitionable.swift */ = {isa = PBXFileReference; lastKnownFileType = sourcecode.swift; path = Transitionable.swift; sourceTree = "<group>"; };
		78989D3B265EE78400D5DAC5 /* PlantIdIdentifyRequest.swift */ = {isa = PBXFileReference; lastKnownFileType = sourcecode.swift; path = PlantIdIdentifyRequest.swift; sourceTree = "<group>"; };
		78989D3F265EE8B500D5DAC5 /* PlantRecognitionServiceProxyProtocol.swift */ = {isa = PBXFileReference; lastKnownFileType = sourcecode.swift; path = PlantRecognitionServiceProxyProtocol.swift; sourceTree = "<group>"; };
		78989D41265EEE0200D5DAC5 /* PlantRecognitionDemoServiceProxy.swift */ = {isa = PBXFileReference; lastKnownFileType = sourcecode.swift; path = PlantRecognitionDemoServiceProxy.swift; sourceTree = "<group>"; };
		78B33434268132A200D31353 /* Copyable.swift */ = {isa = PBXFileReference; lastKnownFileType = sourcecode.swift; path = Copyable.swift; sourceTree = "<group>"; };
		78C7259A2663B2E8005AA717 /* PlantRecognitionServiceProxyFactory.swift */ = {isa = PBXFileReference; lastKnownFileType = sourcecode.swift; path = PlantRecognitionServiceProxyFactory.swift; sourceTree = "<group>"; };
		78C7259C2663B5C2005AA717 /* UIView+LoaderPresentable.swift */ = {isa = PBXFileReference; lastKnownFileType = sourcecode.swift; path = "UIView+LoaderPresentable.swift"; sourceTree = "<group>"; };
		78C7259E2663B5F4005AA717 /* LoaderPresentable.swift */ = {isa = PBXFileReference; lastKnownFileType = sourcecode.swift; path = LoaderPresentable.swift; sourceTree = "<group>"; };
		78C725A02663B626005AA717 /* AlertLoaderPresentable.swift */ = {isa = PBXFileReference; lastKnownFileType = sourcecode.swift; path = AlertLoaderPresentable.swift; sourceTree = "<group>"; };
		78C725A22663B6CB005AA717 /* Double+Round.swift */ = {isa = PBXFileReference; lastKnownFileType = sourcecode.swift; path = "Double+Round.swift"; sourceTree = "<group>"; };
		78C725A42663B9AD005AA717 /* UIImage+Resize.swift */ = {isa = PBXFileReference; lastKnownFileType = sourcecode.swift; path = "UIImage+Resize.swift"; sourceTree = "<group>"; };
		78CF13CB265A990200D5815F /* HomePageViewController.swift */ = {isa = PBXFileReference; lastKnownFileType = sourcecode.swift; path = HomePageViewController.swift; sourceTree = "<group>"; };
		78CF13CD265A991300D5815F /* HomePageFactory.swift */ = {isa = PBXFileReference; lastKnownFileType = sourcecode.swift; path = HomePageFactory.swift; sourceTree = "<group>"; };
		78DED1A0267E639500A7BC84 /* MyPlantsTabFactory.swift */ = {isa = PBXFileReference; lastKnownFileType = sourcecode.swift; path = MyPlantsTabFactory.swift; sourceTree = "<group>"; };
		78DED1A1267E639500A7BC84 /* MyPlantsTabRouter.swift */ = {isa = PBXFileReference; lastKnownFileType = sourcecode.swift; path = MyPlantsTabRouter.swift; sourceTree = "<group>"; };
		78DED1A2267E639500A7BC84 /* MyPlantsTabViewController.swift */ = {isa = PBXFileReference; lastKnownFileType = sourcecode.swift; path = MyPlantsTabViewController.swift; sourceTree = "<group>"; };
		78DED1A3267E639500A7BC84 /* MyPlantsTabView.swift */ = {isa = PBXFileReference; lastKnownFileType = sourcecode.swift; path = MyPlantsTabView.swift; sourceTree = "<group>"; };
		78DED1A4267E639500A7BC84 /* MyPlantsTabViewModel.swift */ = {isa = PBXFileReference; lastKnownFileType = sourcecode.swift; path = MyPlantsTabViewModel.swift; sourceTree = "<group>"; };
		78DED1AA267E640400A7BC84 /* SearchTabFactory.swift */ = {isa = PBXFileReference; lastKnownFileType = sourcecode.swift; path = SearchTabFactory.swift; sourceTree = "<group>"; };
		78DED1AB267E640400A7BC84 /* SearchTabRouter.swift */ = {isa = PBXFileReference; lastKnownFileType = sourcecode.swift; path = SearchTabRouter.swift; sourceTree = "<group>"; };
		78DED1AC267E640400A7BC84 /* SearchTabViewController.swift */ = {isa = PBXFileReference; lastKnownFileType = sourcecode.swift; path = SearchTabViewController.swift; sourceTree = "<group>"; };
		78DED1AD267E640400A7BC84 /* SearchTabView.swift */ = {isa = PBXFileReference; lastKnownFileType = sourcecode.swift; path = SearchTabView.swift; sourceTree = "<group>"; };
		78DED1AE267E640400A7BC84 /* SearchTabViewModel.swift */ = {isa = PBXFileReference; lastKnownFileType = sourcecode.swift; path = SearchTabViewModel.swift; sourceTree = "<group>"; };
		78DED1B4267E641100A7BC84 /* SettingsTabFactory.swift */ = {isa = PBXFileReference; lastKnownFileType = sourcecode.swift; path = SettingsTabFactory.swift; sourceTree = "<group>"; };
		78DED1B5267E641100A7BC84 /* SettingsTabRouter.swift */ = {isa = PBXFileReference; lastKnownFileType = sourcecode.swift; path = SettingsTabRouter.swift; sourceTree = "<group>"; };
		78DED1B6267E641100A7BC84 /* SettingsTabViewController.swift */ = {isa = PBXFileReference; lastKnownFileType = sourcecode.swift; path = SettingsTabViewController.swift; sourceTree = "<group>"; };
		78DED1B7267E641100A7BC84 /* SettingsTabView.swift */ = {isa = PBXFileReference; lastKnownFileType = sourcecode.swift; path = SettingsTabView.swift; sourceTree = "<group>"; };
		78DED1B8267E641100A7BC84 /* SettingsTabViewModel.swift */ = {isa = PBXFileReference; lastKnownFileType = sourcecode.swift; path = SettingsTabViewModel.swift; sourceTree = "<group>"; };
		78DED1BF267E64AA00A7BC84 /* MainTabBarFactory.swift */ = {isa = PBXFileReference; lastKnownFileType = sourcecode.swift; path = MainTabBarFactory.swift; sourceTree = "<group>"; };
		78DED1C0267E64AA00A7BC84 /* MainTabBarRouter.swift */ = {isa = PBXFileReference; lastKnownFileType = sourcecode.swift; path = MainTabBarRouter.swift; sourceTree = "<group>"; };
		78DED1C1267E64AA00A7BC84 /* MainTabBarViewController.swift */ = {isa = PBXFileReference; lastKnownFileType = sourcecode.swift; path = MainTabBarViewController.swift; sourceTree = "<group>"; };
		78DED1C3267E64AA00A7BC84 /* MainTabBarViewModel.swift */ = {isa = PBXFileReference; lastKnownFileType = sourcecode.swift; path = MainTabBarViewModel.swift; sourceTree = "<group>"; };
		78DED1C9267E688D00A7BC84 /* MainTabBarTabs.swift */ = {isa = PBXFileReference; lastKnownFileType = sourcecode.swift; path = MainTabBarTabs.swift; sourceTree = "<group>"; };
		78DED1D5267E846100A7BC84 /* ImageAssets.swift */ = {isa = PBXFileReference; fileEncoding = 4; lastKnownFileType = sourcecode.swift; path = ImageAssets.swift; sourceTree = "<group>"; };
		78DED1D6267E846100A7BC84 /* LocalizationStrings.swift */ = {isa = PBXFileReference; fileEncoding = 4; lastKnownFileType = sourcecode.swift; path = LocalizationStrings.swift; sourceTree = "<group>"; };
		78DED1DC267E862700A7BC84 /* en */ = {isa = PBXFileReference; lastKnownFileType = text.plist.strings; name = en; path = en.lproj/Localizable.strings; sourceTree = "<group>"; };
		78DED1DE267E865E00A7BC84 /* ru */ = {isa = PBXFileReference; lastKnownFileType = text.plist.strings; name = ru; path = ru.lproj/Localizable.strings; sourceTree = "<group>"; };
		78E8E1FE26811177000695A9 /* PlantCardView.swift */ = {isa = PBXFileReference; lastKnownFileType = sourcecode.swift; path = PlantCardView.swift; sourceTree = "<group>"; };
		78E8E200268114FD000695A9 /* CGFloat+Gaps.swift */ = {isa = PBXFileReference; lastKnownFileType = sourcecode.swift; path = "CGFloat+Gaps.swift"; sourceTree = "<group>"; };
		78FB9283265A915800986DA5 /* PlantRecognition.app */ = {isa = PBXFileReference; explicitFileType = wrapper.application; includeInIndex = 0; path = PlantRecognition.app; sourceTree = BUILT_PRODUCTS_DIR; };
		78FB9286265A915800986DA5 /* AppDelegate.swift */ = {isa = PBXFileReference; lastKnownFileType = sourcecode.swift; path = AppDelegate.swift; sourceTree = "<group>"; };
		78FB9292265A915A00986DA5 /* Base */ = {isa = PBXFileReference; lastKnownFileType = file.storyboard; name = Base; path = Base.lproj/LaunchScreen.storyboard; sourceTree = "<group>"; };
		78FB9294265A915A00986DA5 /* Info.plist */ = {isa = PBXFileReference; lastKnownFileType = text.plist.xml; path = Info.plist; sourceTree = "<group>"; };
		78FB9299265A915A00986DA5 /* PlantRecognitionTests.xctest */ = {isa = PBXFileReference; explicitFileType = wrapper.cfbundle; includeInIndex = 0; path = PlantRecognitionTests.xctest; sourceTree = BUILT_PRODUCTS_DIR; };
		78FB929D265A915A00986DA5 /* PlantRecognitionTests.swift */ = {isa = PBXFileReference; lastKnownFileType = sourcecode.swift; path = PlantRecognitionTests.swift; sourceTree = "<group>"; };
		78FB929F265A915A00986DA5 /* Info.plist */ = {isa = PBXFileReference; lastKnownFileType = text.plist.xml; path = Info.plist; sourceTree = "<group>"; };
		78FB92A4265A915A00986DA5 /* PlantRecognitionUITests.xctest */ = {isa = PBXFileReference; explicitFileType = wrapper.cfbundle; includeInIndex = 0; path = PlantRecognitionUITests.xctest; sourceTree = BUILT_PRODUCTS_DIR; };
		78FB92A8265A915A00986DA5 /* PlantRecognitionUITests.swift */ = {isa = PBXFileReference; lastKnownFileType = sourcecode.swift; path = PlantRecognitionUITests.swift; sourceTree = "<group>"; };
		78FB92AA265A915A00986DA5 /* Info.plist */ = {isa = PBXFileReference; lastKnownFileType = text.plist.xml; path = Info.plist; sourceTree = "<group>"; };
		78FB92B8265A93AF00986DA5 /* AppEntryPointFactory.swift */ = {isa = PBXFileReference; lastKnownFileType = sourcecode.swift; path = AppEntryPointFactory.swift; sourceTree = "<group>"; };
		AE28079DD7BF2609285FAAB7 /* Pods-PlantRecognition-PlantRecognitionUITests.debug.xcconfig */ = {isa = PBXFileReference; includeInIndex = 1; lastKnownFileType = text.xcconfig; name = "Pods-PlantRecognition-PlantRecognitionUITests.debug.xcconfig"; path = "Target Support Files/Pods-PlantRecognition-PlantRecognitionUITests/Pods-PlantRecognition-PlantRecognitionUITests.debug.xcconfig"; sourceTree = "<group>"; };
		E36DD1C906E6665128AD0E4A /* Pods-PlantRecognitionTests.debug.xcconfig */ = {isa = PBXFileReference; includeInIndex = 1; lastKnownFileType = text.xcconfig; name = "Pods-PlantRecognitionTests.debug.xcconfig"; path = "Target Support Files/Pods-PlantRecognitionTests/Pods-PlantRecognitionTests.debug.xcconfig"; sourceTree = "<group>"; };
		E370DC473E3D7482A98FAACB /* Pods-PlantRecognition-PlantRecognitionUITests.release.xcconfig */ = {isa = PBXFileReference; includeInIndex = 1; lastKnownFileType = text.xcconfig; name = "Pods-PlantRecognition-PlantRecognitionUITests.release.xcconfig"; path = "Target Support Files/Pods-PlantRecognition-PlantRecognitionUITests/Pods-PlantRecognition-PlantRecognitionUITests.release.xcconfig"; sourceTree = "<group>"; };
/* End PBXFileReference section */

/* Begin PBXFrameworksBuildPhase section */
		78FB9280265A915800986DA5 /* Frameworks */ = {
			isa = PBXFrameworksBuildPhase;
			buildActionMask = 2147483647;
			files = (
				F4C4AEC43584FD0440483495 /* Pods_PlantRecognition.framework in Frameworks */,
			);
			runOnlyForDeploymentPostprocessing = 0;
		};
		78FB9296265A915A00986DA5 /* Frameworks */ = {
			isa = PBXFrameworksBuildPhase;
			buildActionMask = 2147483647;
			files = (
				7D5BC1ABC6A109E0038E3B5D /* Pods_PlantRecognitionTests.framework in Frameworks */,
			);
			runOnlyForDeploymentPostprocessing = 0;
		};
		78FB92A1265A915A00986DA5 /* Frameworks */ = {
			isa = PBXFrameworksBuildPhase;
			buildActionMask = 2147483647;
			files = (
				7FFEE6BF8BDEC3338E6DD31E /* Pods_PlantRecognition_PlantRecognitionUITests.framework in Frameworks */,
			);
			runOnlyForDeploymentPostprocessing = 0;
		};
/* End PBXFrameworksBuildPhase section */

/* Begin PBXGroup section */
		3C7F0EC6463CCBB6CBBE4D31 /* Frameworks */ = {
			isa = PBXGroup;
			children = (
				4FDBAEF4EB6460347CF475B1 /* Pods_PlantRecognition.framework */,
				662C506A0B6D00A6516932FD /* Pods_PlantRecognition_PlantRecognitionUITests.framework */,
				58AFD0E82AE01CE70AE772B3 /* Pods_PlantRecognitionTests.framework */,
			);
			name = Frameworks;
			sourceTree = "<group>";
		};
		781B39EF267F519C00A90EC2 /* View */ = {
			isa = PBXGroup;
			children = (
				78DED1C1267E64AA00A7BC84 /* MainTabBarViewController.swift */,
				781B39F0267F51C300A90EC2 /* MainTabBarTabView.swift */,
			);
			path = View;
			sourceTree = "<group>";
		};
		782DD96D265AA13500FDE44B /* Extensions */ = {
			isa = PBXGroup;
			children = (
				7891EE7C265D82EF005BEAE1 /* UI */,
				78C725A22663B6CB005AA717 /* Double+Round.swift */,
			);
			path = Extensions;
			sourceTree = "<group>";
		};
		782DD970265AA2B100FDE44B /* Resources */ = {
			isa = PBXGroup;
			children = (
				7843D53C267FBAF400768083 /* Fonts */,
				78DED1D2267E7E8300A7BC84 /* Localizations */,
				782DD971265AA2EA00FDE44B /* Images.xcassets */,
				785C7DB5267FA108002267E4 /* Colors.xcassets */,
			);
			path = Resources;
			sourceTree = "<group>";
		};
		7843D533267FA71B00768083 /* Text */ = {
			isa = PBXGroup;
			children = (
				7843D534267FA74100768083 /* TextStyle.swift */,
			);
			path = Text;
			sourceTree = "<group>";
		};
		7843D53C267FBAF400768083 /* Fonts */ = {
			isa = PBXGroup;
			children = (
				7843D53D267FBB0100768083 /* Fira_Sans */,
			);
			path = Fonts;
			sourceTree = "<group>";
		};
		7843D53D267FBB0100768083 /* Fira_Sans */ = {
			isa = PBXGroup;
			children = (
				7843D53E267FBB0100768083 /* FiraSans-Thin.ttf */,
				7843D53F267FBB0100768083 /* FiraSans-ExtraLightItalic.ttf */,
				7843D540267FBB0100768083 /* FiraSans-LightItalic.ttf */,
				7843D541267FBB0100768083 /* FiraSans-Medium.ttf */,
				7843D542267FBB0100768083 /* FiraSans-BoldItalic.ttf */,
				7843D543267FBB0100768083 /* FiraSans-Bold.ttf */,
				7843D544267FBB0100768083 /* FiraSans-ExtraLight.ttf */,
				7843D545267FBB0100768083 /* FiraSans-ThinItalic.ttf */,
				7843D546267FBB0100768083 /* FiraSans-MediumItalic.ttf */,
				7843D547267FBB0100768083 /* FiraSans-BlackItalic.ttf */,
				7843D548267FBB0100768083 /* FiraSans-Light.ttf */,
				7843D549267FBB0100768083 /* FiraSans-Black.ttf */,
				7843D54A267FBB0100768083 /* FiraSans-ExtraBold.ttf */,
				7843D54B267FBB0100768083 /* FiraSans-SemiBold.ttf */,
				7843D54C267FBB0100768083 /* FiraSans-SemiBoldItalic.ttf */,
				7843D54D267FBB0100768083 /* FiraSans-ExtraBoldItalic.ttf */,
				7843D54E267FBB0100768083 /* FiraSans-Regular.ttf */,
				7843D54F267FBB0100768083 /* FiraSans-Italic.ttf */,
			);
			path = Fira_Sans;
			sourceTree = "<group>";
		};
		7849E1A126626257003DBD19 /* Errors */ = {
			isa = PBXGroup;
			children = (
				7849E1A226626265003DBD19 /* NetworkError.swift */,
			);
			path = Errors;
			sourceTree = "<group>";
		};
		7849E1A526626731003DBD19 /* Protocols */ = {
			isa = PBXGroup;
			children = (
				7849E1A62662674C003DBD19 /* AlertPresentable.swift */,
				78C7259E2663B5F4005AA717 /* LoaderPresentable.swift */,
				78C725A02663B626005AA717 /* AlertLoaderPresentable.swift */,
				78B33434268132A200D31353 /* Copyable.swift */,
			);
			path = Protocols;
			sourceTree = "<group>";
		};
		7849E1AA26626859003DBD19 /* ImagePicker */ = {
			isa = PBXGroup;
			children = (
				782DD973265AA7F900FDE44B /* ImagePickerManager.swift */,
			);
			path = ImagePicker;
			sourceTree = "<group>";
		};
		7849E1C12663A685003DBD19 /* Views */ = {
			isa = PBXGroup;
			children = (
				7849E1C22663A695003DBD19 /* PlantRecognitionResultView */,
				78CF13CB265A990200D5815F /* HomePageViewController.swift */,
				782DD96B265A9FE700FDE44B /* HomePageView.swift */,
			);
			path = Views;
			sourceTree = "<group>";
		};
		7849E1C22663A695003DBD19 /* PlantRecognitionResultView */ = {
			isa = PBXGroup;
			children = (
				7849E1C32663A6F8003DBD19 /* PlantRecognitionResultView.swift */,
			);
			path = PlantRecognitionResultView;
			sourceTree = "<group>";
		};
		786F5715265D9806004E45EF /* Network */ = {
			isa = PBXGroup;
			children = (
				7849E1A126626257003DBD19 /* Errors */,
				786F5717265D9815004E45EF /* Models */,
				786F5716265D980F004E45EF /* Services */,
			);
			path = Network;
			sourceTree = "<group>";
		};
		786F5716265D980F004E45EF /* Services */ = {
			isa = PBXGroup;
			children = (
				786F5718265D981D004E45EF /* PlantIdService */,
			);
			path = Services;
			sourceTree = "<group>";
		};
		786F5717265D9815004E45EF /* Models */ = {
			isa = PBXGroup;
			children = (
				786F5719265D99EA004E45EF /* PlantId */,
			);
			path = Models;
			sourceTree = "<group>";
		};
		786F5718265D981D004E45EF /* PlantIdService */ = {
			isa = PBXGroup;
			children = (
				786F5720265D9ABF004E45EF /* PlantIdServiceProtocol.swift */,
				7849E1AD26626C72003DBD19 /* PlantIdService.swift */,
			);
			path = PlantIdService;
			sourceTree = "<group>";
		};
		786F5719265D99EA004E45EF /* PlantId */ = {
			isa = PBXGroup;
			children = (
				786F571A265D9A0E004E45EF /* PlantIdSuggestions.swift */,
				786F571C265D9A39004E45EF /* PlantIdSuggestion.swift */,
				78989D3B265EE78400D5DAC5 /* PlantIdIdentifyRequest.swift */,
				7849E1AB26626A49003DBD19 /* PlantIdSuggestionDetails.swift */,
			);
			path = PlantId;
			sourceTree = "<group>";
		};
		7891EE77265D7D54005BEAE1 /* Helpers */ = {
			isa = PBXGroup;
			children = (
				7843D533267FA71B00768083 /* Text */,
				7891EE78265D7D6A005BEAE1 /* Transitionable.swift */,
				7849E1BF266395B5003DBD19 /* Action.swift */,
			);
			path = Helpers;
			sourceTree = "<group>";
		};
		7891EE7C265D82EF005BEAE1 /* UI */ = {
			isa = PBXGroup;
			children = (
				782DD96E265AA15900FDE44B /* UIView+Extensions.swift */,
				7849E1A8266267D6003DBD19 /* UIViewController+AlertPresentable.swift */,
				7849E1BB266293F1003DBD19 /* UIImage+Base64.swift */,
				7849E1C52663AAB6003DBD19 /* UIStackView+Extensions.swift */,
				78C7259C2663B5C2005AA717 /* UIView+LoaderPresentable.swift */,
				78C725A42663B9AD005AA717 /* UIImage+Resize.swift */,
				7843D536267FB77800768083 /* UILabel+StyledText.swift */,
				7843D53A267FB91200768083 /* TextStyle+Default.swift */,
				78E8E200268114FD000695A9 /* CGFloat+Gaps.swift */,
			);
			path = UI;
			sourceTree = "<group>";
		};
		78989D3E265EE89B00D5DAC5 /* PlantRecognitionServiceProxy */ = {
			isa = PBXGroup;
			children = (
				78C725A72663BE42005AA717 /* PlantId */,
				78989D3F265EE8B500D5DAC5 /* PlantRecognitionServiceProxyProtocol.swift */,
				78989D41265EEE0200D5DAC5 /* PlantRecognitionDemoServiceProxy.swift */,
				7849E1C72663AEE8003DBD19 /* PlantRecognitionServiceProxyResult.swift */,
				78C7259A2663B2E8005AA717 /* PlantRecognitionServiceProxyFactory.swift */,
			);
			path = PlantRecognitionServiceProxy;
			sourceTree = "<group>";
		};
		78C725A72663BE42005AA717 /* PlantId */ = {
			isa = PBXGroup;
			children = (
				7849E1BD266294B6003DBD19 /* PlantIdPlantRecognitionServiceProxy.swift */,
			);
			path = PlantId;
			sourceTree = "<group>";
		};
		78CF13CA265A98F200D5815F /* HomePage */ = {
			isa = PBXGroup;
			children = (
				7849E1C12663A685003DBD19 /* Views */,
				7849E1AA26626859003DBD19 /* ImagePicker */,
				78989D3E265EE89B00D5DAC5 /* PlantRecognitionServiceProxy */,
				78CF13CD265A991300D5815F /* HomePageFactory.swift */,
				782D0633265C23CA001DE889 /* HomePageViewModel.swift */,
				782D0638265C2CDD001DE889 /* HomePageRouter.swift */,
			);
			path = HomePage;
			sourceTree = "<group>";
		};
		78DED195267E5F5100A7BC84 /* MainTabBar */ = {
			isa = PBXGroup;
			children = (
				781B39EF267F519C00A90EC2 /* View */,
				78DED1BF267E64AA00A7BC84 /* MainTabBarFactory.swift */,
				78DED1C0267E64AA00A7BC84 /* MainTabBarRouter.swift */,
				78DED1C3267E64AA00A7BC84 /* MainTabBarViewModel.swift */,
				78DED1C9267E688D00A7BC84 /* MainTabBarTabs.swift */,
			);
			path = MainTabBar;
			sourceTree = "<group>";
		};
		78DED19C267E62E800A7BC84 /* MyPlantsTab */ = {
			isa = PBXGroup;
			children = (
				78DED1A0267E639500A7BC84 /* MyPlantsTabFactory.swift */,
				78DED1A1267E639500A7BC84 /* MyPlantsTabRouter.swift */,
				78DED1A2267E639500A7BC84 /* MyPlantsTabViewController.swift */,
				78DED1A3267E639500A7BC84 /* MyPlantsTabView.swift */,
				78DED1A4267E639500A7BC84 /* MyPlantsTabViewModel.swift */,
			);
			path = MyPlantsTab;
			sourceTree = "<group>";
		};
		78DED19D267E632A00A7BC84 /* Tabs */ = {
			isa = PBXGroup;
			children = (
				78DED19C267E62E800A7BC84 /* MyPlantsTab */,
				78DED19E267E634400A7BC84 /* SearchTab */,
				78DED19F267E634B00A7BC84 /* SettingsTab */,
			);
			path = Tabs;
			sourceTree = "<group>";
		};
		78DED19E267E634400A7BC84 /* SearchTab */ = {
			isa = PBXGroup;
			children = (
				78DED1AA267E640400A7BC84 /* SearchTabFactory.swift */,
				78DED1AB267E640400A7BC84 /* SearchTabRouter.swift */,
				78DED1AC267E640400A7BC84 /* SearchTabViewController.swift */,
				78DED1AD267E640400A7BC84 /* SearchTabView.swift */,
				78DED1AE267E640400A7BC84 /* SearchTabViewModel.swift */,
			);
			path = SearchTab;
			sourceTree = "<group>";
		};
		78DED19F267E634B00A7BC84 /* SettingsTab */ = {
			isa = PBXGroup;
			children = (
				78DED1B4267E641100A7BC84 /* SettingsTabFactory.swift */,
				78DED1B5267E641100A7BC84 /* SettingsTabRouter.swift */,
				78DED1B6267E641100A7BC84 /* SettingsTabViewController.swift */,
				78DED1B7267E641100A7BC84 /* SettingsTabView.swift */,
				78DED1B8267E641100A7BC84 /* SettingsTabViewModel.swift */,
			);
			path = SettingsTab;
			sourceTree = "<group>";
		};
		78DED1D2267E7E8300A7BC84 /* Localizations */ = {
			isa = PBXGroup;
			children = (
				78DED1DD267E862700A7BC84 /* Localizable.strings */,
			);
			path = Localizations;
			sourceTree = "<group>";
		};
		78DED1D4267E81DC00A7BC84 /* Generated */ = {
			isa = PBXGroup;
			children = (
				7843D562267FBBE300768083 /* Fonts.swift */,
				78DED1D5267E846100A7BC84 /* ImageAssets.swift */,
				78DED1D6267E846100A7BC84 /* LocalizationStrings.swift */,
			);
			path = Generated;
			sourceTree = "<group>";
		};
		78E8E1FC268110B2000695A9 /* ViewComponents */ = {
			isa = PBXGroup;
			children = (
				78E8E1FD268110D2000695A9 /* Card */,
			);
			path = ViewComponents;
			sourceTree = "<group>";
		};
		78E8E1FD268110D2000695A9 /* Card */ = {
			isa = PBXGroup;
			children = (
				78E8E1FE26811177000695A9 /* PlantCardView.swift */,
			);
			path = Card;
			sourceTree = "<group>";
		};
		78FB927A265A915800986DA5 = {
			isa = PBXGroup;
			children = (
				78FB9285265A915800986DA5 /* PlantRecognition */,
				78FB929C265A915A00986DA5 /* PlantRecognitionTests */,
				78FB92A7265A915A00986DA5 /* PlantRecognitionUITests */,
				78FB9284265A915800986DA5 /* Products */,
				8E44E1209916101564A4C51F /* Pods */,
				3C7F0EC6463CCBB6CBBE4D31 /* Frameworks */,
			);
			sourceTree = "<group>";
		};
		78FB9284265A915800986DA5 /* Products */ = {
			isa = PBXGroup;
			children = (
				78FB9283265A915800986DA5 /* PlantRecognition.app */,
				78FB9299265A915A00986DA5 /* PlantRecognitionTests.xctest */,
				78FB92A4265A915A00986DA5 /* PlantRecognitionUITests.xctest */,
			);
			name = Products;
			sourceTree = "<group>";
		};
		78FB9285265A915800986DA5 /* PlantRecognition */ = {
			isa = PBXGroup;
			children = (
				78E8E1FC268110B2000695A9 /* ViewComponents */,
				78DED1D4267E81DC00A7BC84 /* Generated */,
				7849E1A526626731003DBD19 /* Protocols */,
				78FB92B6265A92C100986DA5 /* Features */,
				786F5715265D9806004E45EF /* Network */,
				7891EE77265D7D54005BEAE1 /* Helpers */,
				782DD970265AA2B100FDE44B /* Resources */,
				782DD96D265AA13500FDE44B /* Extensions */,
				78FB9286265A915800986DA5 /* AppDelegate.swift */,
				78FB9291265A915A00986DA5 /* LaunchScreen.storyboard */,
				78146A57266160A100CDDFDA /* GoogleService-Info.plist */,
				78FB9294265A915A00986DA5 /* Info.plist */,
			);
			path = PlantRecognition;
			sourceTree = "<group>";
		};
		78FB929C265A915A00986DA5 /* PlantRecognitionTests */ = {
			isa = PBXGroup;
			children = (
				78FB929D265A915A00986DA5 /* PlantRecognitionTests.swift */,
				78FB929F265A915A00986DA5 /* Info.plist */,
			);
			path = PlantRecognitionTests;
			sourceTree = "<group>";
		};
		78FB92A7265A915A00986DA5 /* PlantRecognitionUITests */ = {
			isa = PBXGroup;
			children = (
				78FB92A8265A915A00986DA5 /* PlantRecognitionUITests.swift */,
				78FB92AA265A915A00986DA5 /* Info.plist */,
			);
			path = PlantRecognitionUITests;
			sourceTree = "<group>";
		};
		78FB92B6265A92C100986DA5 /* Features */ = {
			isa = PBXGroup;
			children = (
				78DED195267E5F5100A7BC84 /* MainTabBar */,
				78DED19D267E632A00A7BC84 /* Tabs */,
				78CF13CA265A98F200D5815F /* HomePage */,
				78FB92B7265A938A00986DA5 /* AppEntryPoint */,
			);
			path = Features;
			sourceTree = "<group>";
		};
		78FB92B7265A938A00986DA5 /* AppEntryPoint */ = {
			isa = PBXGroup;
			children = (
				78FB92B8265A93AF00986DA5 /* AppEntryPointFactory.swift */,
			);
			path = AppEntryPoint;
			sourceTree = "<group>";
		};
		8E44E1209916101564A4C51F /* Pods */ = {
			isa = PBXGroup;
			children = (
				1207E29BC8CAA2BD6F9FFBE2 /* Pods-PlantRecognition.debug.xcconfig */,
				0C66529D59DA9B77B7E17012 /* Pods-PlantRecognition.release.xcconfig */,
				AE28079DD7BF2609285FAAB7 /* Pods-PlantRecognition-PlantRecognitionUITests.debug.xcconfig */,
				E370DC473E3D7482A98FAACB /* Pods-PlantRecognition-PlantRecognitionUITests.release.xcconfig */,
				E36DD1C906E6665128AD0E4A /* Pods-PlantRecognitionTests.debug.xcconfig */,
				6DD2E0704627A14ADC7966F7 /* Pods-PlantRecognitionTests.release.xcconfig */,
			);
			path = Pods;
			sourceTree = "<group>";
		};
/* End PBXGroup section */

/* Begin PBXNativeTarget section */
		78FB9282265A915800986DA5 /* PlantRecognition */ = {
			isa = PBXNativeTarget;
			buildConfigurationList = 78FB92AD265A915A00986DA5 /* Build configuration list for PBXNativeTarget "PlantRecognition" */;
			buildPhases = (
				B176B44D47FB0FABAB727FFC /* [CP] Check Pods Manifest.lock */,
				78DED1D3267E7FC400A7BC84 /* Swiftgen */,
				78FB927F265A915800986DA5 /* Sources */,
				78FB9280265A915800986DA5 /* Frameworks */,
				78FB9281265A915800986DA5 /* Resources */,
				FFBEE291259CDE8BDBB46CB4 /* [CP] Embed Pods Frameworks */,
				7849E1A42662646C003DBD19 /* Firebase */,
			);
			buildRules = (
			);
			dependencies = (
			);
			name = PlantRecognition;
			productName = PlantRecognition;
			productReference = 78FB9283265A915800986DA5 /* PlantRecognition.app */;
			productType = "com.apple.product-type.application";
		};
		78FB9298265A915A00986DA5 /* PlantRecognitionTests */ = {
			isa = PBXNativeTarget;
			buildConfigurationList = 78FB92B0265A915A00986DA5 /* Build configuration list for PBXNativeTarget "PlantRecognitionTests" */;
			buildPhases = (
				A975AA3D4A6D2A22F58BFA3F /* [CP] Check Pods Manifest.lock */,
				78FB9295265A915A00986DA5 /* Sources */,
				78FB9296265A915A00986DA5 /* Frameworks */,
				78FB9297265A915A00986DA5 /* Resources */,
			);
			buildRules = (
			);
			dependencies = (
				78FB929B265A915A00986DA5 /* PBXTargetDependency */,
			);
			name = PlantRecognitionTests;
			productName = PlantRecognitionTests;
			productReference = 78FB9299265A915A00986DA5 /* PlantRecognitionTests.xctest */;
			productType = "com.apple.product-type.bundle.unit-test";
		};
		78FB92A3265A915A00986DA5 /* PlantRecognitionUITests */ = {
			isa = PBXNativeTarget;
			buildConfigurationList = 78FB92B3265A915A00986DA5 /* Build configuration list for PBXNativeTarget "PlantRecognitionUITests" */;
			buildPhases = (
				B1EA3F2D6FE43C8C9226286D /* [CP] Check Pods Manifest.lock */,
				78FB92A0265A915A00986DA5 /* Sources */,
				78FB92A1265A915A00986DA5 /* Frameworks */,
				78FB92A2265A915A00986DA5 /* Resources */,
				32EBE42C07206AE901905FCC /* [CP] Embed Pods Frameworks */,
			);
			buildRules = (
			);
			dependencies = (
				78FB92A6265A915A00986DA5 /* PBXTargetDependency */,
			);
			name = PlantRecognitionUITests;
			productName = PlantRecognitionUITests;
			productReference = 78FB92A4265A915A00986DA5 /* PlantRecognitionUITests.xctest */;
			productType = "com.apple.product-type.bundle.ui-testing";
		};
/* End PBXNativeTarget section */

/* Begin PBXProject section */
		78FB927B265A915800986DA5 /* Project object */ = {
			isa = PBXProject;
			attributes = {
				LastSwiftUpdateCheck = 1250;
				LastUpgradeCheck = 1250;
				TargetAttributes = {
					78FB9282265A915800986DA5 = {
						CreatedOnToolsVersion = 12.5;
					};
					78FB9298265A915A00986DA5 = {
						CreatedOnToolsVersion = 12.5;
						TestTargetID = 78FB9282265A915800986DA5;
					};
					78FB92A3265A915A00986DA5 = {
						CreatedOnToolsVersion = 12.5;
						TestTargetID = 78FB9282265A915800986DA5;
					};
				};
			};
			buildConfigurationList = 78FB927E265A915800986DA5 /* Build configuration list for PBXProject "PlantRecognition" */;
			compatibilityVersion = "Xcode 9.3";
			developmentRegion = en;
			hasScannedForEncodings = 0;
			knownRegions = (
				en,
				Base,
				ru,
			);
			mainGroup = 78FB927A265A915800986DA5;
			productRefGroup = 78FB9284265A915800986DA5 /* Products */;
			projectDirPath = "";
			projectRoot = "";
			targets = (
				78FB9282265A915800986DA5 /* PlantRecognition */,
				78FB9298265A915A00986DA5 /* PlantRecognitionTests */,
				78FB92A3265A915A00986DA5 /* PlantRecognitionUITests */,
			);
		};
/* End PBXProject section */

/* Begin PBXResourcesBuildPhase section */
		78FB9281265A915800986DA5 /* Resources */ = {
			isa = PBXResourcesBuildPhase;
			buildActionMask = 2147483647;
			files = (
				7843D555267FBB0100768083 /* FiraSans-Bold.ttf in Resources */,
				7843D551267FBB0100768083 /* FiraSans-ExtraLightItalic.ttf in Resources */,
				7843D560267FBB0100768083 /* FiraSans-Regular.ttf in Resources */,
				785C7DB6267FA108002267E4 /* Colors.xcassets in Resources */,
				7843D55C267FBB0100768083 /* FiraSans-ExtraBold.ttf in Resources */,
				78FB9293265A915A00986DA5 /* LaunchScreen.storyboard in Resources */,
				7843D55D267FBB0100768083 /* FiraSans-SemiBold.ttf in Resources */,
				78DED1DB267E862700A7BC84 /* Localizable.strings in Resources */,
				7843D561267FBB0100768083 /* FiraSans-Italic.ttf in Resources */,
				7843D559267FBB0100768083 /* FiraSans-BlackItalic.ttf in Resources */,
				782DD972265AA2EA00FDE44B /* Images.xcassets in Resources */,
				7843D55B267FBB0100768083 /* FiraSans-Black.ttf in Resources */,
				7843D550267FBB0100768083 /* FiraSans-Thin.ttf in Resources */,
				7843D556267FBB0100768083 /* FiraSans-ExtraLight.ttf in Resources */,
				7843D552267FBB0100768083 /* FiraSans-LightItalic.ttf in Resources */,
				7843D55A267FBB0100768083 /* FiraSans-Light.ttf in Resources */,
				7843D55F267FBB0100768083 /* FiraSans-ExtraBoldItalic.ttf in Resources */,
				78146A58266160A100CDDFDA /* GoogleService-Info.plist in Resources */,
				7843D558267FBB0100768083 /* FiraSans-MediumItalic.ttf in Resources */,
				7843D55E267FBB0100768083 /* FiraSans-SemiBoldItalic.ttf in Resources */,
				7843D554267FBB0100768083 /* FiraSans-BoldItalic.ttf in Resources */,
				7843D553267FBB0100768083 /* FiraSans-Medium.ttf in Resources */,
				7843D557267FBB0100768083 /* FiraSans-ThinItalic.ttf in Resources */,
			);
			runOnlyForDeploymentPostprocessing = 0;
		};
		78FB9297265A915A00986DA5 /* Resources */ = {
			isa = PBXResourcesBuildPhase;
			buildActionMask = 2147483647;
			files = (
			);
			runOnlyForDeploymentPostprocessing = 0;
		};
		78FB92A2265A915A00986DA5 /* Resources */ = {
			isa = PBXResourcesBuildPhase;
			buildActionMask = 2147483647;
			files = (
			);
			runOnlyForDeploymentPostprocessing = 0;
		};
/* End PBXResourcesBuildPhase section */

/* Begin PBXShellScriptBuildPhase section */
		32EBE42C07206AE901905FCC /* [CP] Embed Pods Frameworks */ = {
			isa = PBXShellScriptBuildPhase;
			buildActionMask = 2147483647;
			files = (
			);
			inputFileListPaths = (
				"${PODS_ROOT}/Target Support Files/Pods-PlantRecognition-PlantRecognitionUITests/Pods-PlantRecognition-PlantRecognitionUITests-frameworks-${CONFIGURATION}-input-files.xcfilelist",
			);
			name = "[CP] Embed Pods Frameworks";
			outputFileListPaths = (
				"${PODS_ROOT}/Target Support Files/Pods-PlantRecognition-PlantRecognitionUITests/Pods-PlantRecognition-PlantRecognitionUITests-frameworks-${CONFIGURATION}-output-files.xcfilelist",
			);
			runOnlyForDeploymentPostprocessing = 0;
			shellPath = /bin/sh;
			shellScript = "\"${PODS_ROOT}/Target Support Files/Pods-PlantRecognition-PlantRecognitionUITests/Pods-PlantRecognition-PlantRecognitionUITests-frameworks.sh\"\n";
			showEnvVarsInLog = 0;
		};
		7849E1A42662646C003DBD19 /* Firebase */ = {
			isa = PBXShellScriptBuildPhase;
			buildActionMask = 2147483647;
			files = (
			);
			inputFileListPaths = (
			);
			inputPaths = (
			);
			name = Firebase;
			outputFileListPaths = (
			);
			outputPaths = (
			);
			runOnlyForDeploymentPostprocessing = 0;
			shellPath = /bin/sh;
			shellScript = "\"${PODS_ROOT}/FirebaseCrashlytics/run\"\n\"${PODS_ROOT}/FirebaseCrashlytics/upload-symbols\" -gsp \"${PROJECT_DIR}/PlantRecognition/GoogleService-Info.plist\" -p ios \"${DWARF_DSYM_FOLDER_PATH}/${DWARF_DSYM_FILE_NAME}\"\n";
		};
		78DED1D3267E7FC400A7BC84 /* Swiftgen */ = {
			isa = PBXShellScriptBuildPhase;
			buildActionMask = 2147483647;
			files = (
			);
			inputFileListPaths = (
			);
			inputPaths = (
			);
			name = Swiftgen;
			outputFileListPaths = (
			);
			outputPaths = (
			);
			runOnlyForDeploymentPostprocessing = 0;
			shellPath = /bin/sh;
			shellScript = "if [[ -f \"${PODS_ROOT}/SwiftGen/bin/swiftgen\" ]]; then\n  \"${PODS_ROOT}/SwiftGen/bin/swiftgen\"\nelse\n  echo \"warning: SwiftGen is not installed. Run 'pod install --repo-update' to install it.\"\nfi\n";
		};
		A975AA3D4A6D2A22F58BFA3F /* [CP] Check Pods Manifest.lock */ = {
			isa = PBXShellScriptBuildPhase;
			buildActionMask = 2147483647;
			files = (
			);
			inputFileListPaths = (
			);
			inputPaths = (
				"${PODS_PODFILE_DIR_PATH}/Podfile.lock",
				"${PODS_ROOT}/Manifest.lock",
			);
			name = "[CP] Check Pods Manifest.lock";
			outputFileListPaths = (
			);
			outputPaths = (
				"$(DERIVED_FILE_DIR)/Pods-PlantRecognitionTests-checkManifestLockResult.txt",
			);
			runOnlyForDeploymentPostprocessing = 0;
			shellPath = /bin/sh;
			shellScript = "diff \"${PODS_PODFILE_DIR_PATH}/Podfile.lock\" \"${PODS_ROOT}/Manifest.lock\" > /dev/null\nif [ $? != 0 ] ; then\n    # print error to STDERR\n    echo \"error: The sandbox is not in sync with the Podfile.lock. Run 'pod install' or update your CocoaPods installation.\" >&2\n    exit 1\nfi\n# This output is used by Xcode 'outputs' to avoid re-running this script phase.\necho \"SUCCESS\" > \"${SCRIPT_OUTPUT_FILE_0}\"\n";
			showEnvVarsInLog = 0;
		};
		B176B44D47FB0FABAB727FFC /* [CP] Check Pods Manifest.lock */ = {
			isa = PBXShellScriptBuildPhase;
			buildActionMask = 2147483647;
			files = (
			);
			inputFileListPaths = (
			);
			inputPaths = (
				"${PODS_PODFILE_DIR_PATH}/Podfile.lock",
				"${PODS_ROOT}/Manifest.lock",
			);
			name = "[CP] Check Pods Manifest.lock";
			outputFileListPaths = (
			);
			outputPaths = (
				"$(DERIVED_FILE_DIR)/Pods-PlantRecognition-checkManifestLockResult.txt",
			);
			runOnlyForDeploymentPostprocessing = 0;
			shellPath = /bin/sh;
			shellScript = "diff \"${PODS_PODFILE_DIR_PATH}/Podfile.lock\" \"${PODS_ROOT}/Manifest.lock\" > /dev/null\nif [ $? != 0 ] ; then\n    # print error to STDERR\n    echo \"error: The sandbox is not in sync with the Podfile.lock. Run 'pod install' or update your CocoaPods installation.\" >&2\n    exit 1\nfi\n# This output is used by Xcode 'outputs' to avoid re-running this script phase.\necho \"SUCCESS\" > \"${SCRIPT_OUTPUT_FILE_0}\"\n";
			showEnvVarsInLog = 0;
		};
		B1EA3F2D6FE43C8C9226286D /* [CP] Check Pods Manifest.lock */ = {
			isa = PBXShellScriptBuildPhase;
			buildActionMask = 2147483647;
			files = (
			);
			inputFileListPaths = (
			);
			inputPaths = (
				"${PODS_PODFILE_DIR_PATH}/Podfile.lock",
				"${PODS_ROOT}/Manifest.lock",
			);
			name = "[CP] Check Pods Manifest.lock";
			outputFileListPaths = (
			);
			outputPaths = (
				"$(DERIVED_FILE_DIR)/Pods-PlantRecognition-PlantRecognitionUITests-checkManifestLockResult.txt",
			);
			runOnlyForDeploymentPostprocessing = 0;
			shellPath = /bin/sh;
			shellScript = "diff \"${PODS_PODFILE_DIR_PATH}/Podfile.lock\" \"${PODS_ROOT}/Manifest.lock\" > /dev/null\nif [ $? != 0 ] ; then\n    # print error to STDERR\n    echo \"error: The sandbox is not in sync with the Podfile.lock. Run 'pod install' or update your CocoaPods installation.\" >&2\n    exit 1\nfi\n# This output is used by Xcode 'outputs' to avoid re-running this script phase.\necho \"SUCCESS\" > \"${SCRIPT_OUTPUT_FILE_0}\"\n";
			showEnvVarsInLog = 0;
		};
		FFBEE291259CDE8BDBB46CB4 /* [CP] Embed Pods Frameworks */ = {
			isa = PBXShellScriptBuildPhase;
			buildActionMask = 2147483647;
			files = (
			);
			inputFileListPaths = (
				"${PODS_ROOT}/Target Support Files/Pods-PlantRecognition/Pods-PlantRecognition-frameworks-${CONFIGURATION}-input-files.xcfilelist",
			);
			name = "[CP] Embed Pods Frameworks";
			outputFileListPaths = (
				"${PODS_ROOT}/Target Support Files/Pods-PlantRecognition/Pods-PlantRecognition-frameworks-${CONFIGURATION}-output-files.xcfilelist",
			);
			runOnlyForDeploymentPostprocessing = 0;
			shellPath = /bin/sh;
			shellScript = "\"${PODS_ROOT}/Target Support Files/Pods-PlantRecognition/Pods-PlantRecognition-frameworks.sh\"\n";
			showEnvVarsInLog = 0;
		};
/* End PBXShellScriptBuildPhase section */

/* Begin PBXSourcesBuildPhase section */
		78FB927F265A915800986DA5 /* Sources */ = {
			isa = PBXSourcesBuildPhase;
			buildActionMask = 2147483647;
			files = (
				78FB9287265A915800986DA5 /* AppDelegate.swift in Sources */,
				7849E1A72662674C003DBD19 /* AlertPresentable.swift in Sources */,
				78DED1A8267E639500A7BC84 /* MyPlantsTabView.swift in Sources */,
				78DED1C6267E64AA00A7BC84 /* MainTabBarViewController.swift in Sources */,
				78C7259B2663B2E8005AA717 /* PlantRecognitionServiceProxyFactory.swift in Sources */,
				78CF13CE265A991300D5815F /* HomePageFactory.swift in Sources */,
				78DED1C4267E64AA00A7BC84 /* MainTabBarFactory.swift in Sources */,
				78DED1A9267E639500A7BC84 /* MyPlantsTabViewModel.swift in Sources */,
				78DED1CA267E688D00A7BC84 /* MainTabBarTabs.swift in Sources */,
				78DED1B9267E641100A7BC84 /* SettingsTabFactory.swift in Sources */,
				7843D537267FB77800768083 /* UILabel+StyledText.swift in Sources */,
				78989D42265EEE0200D5DAC5 /* PlantRecognitionDemoServiceProxy.swift in Sources */,
				78FB92B9265A93AF00986DA5 /* AppEntryPointFactory.swift in Sources */,
				78DED1BA267E641100A7BC84 /* SettingsTabRouter.swift in Sources */,
				78C725A12663B626005AA717 /* AlertLoaderPresentable.swift in Sources */,
				782D0634265C23CA001DE889 /* HomePageViewModel.swift in Sources */,
				7843D563267FBBE300768083 /* Fonts.swift in Sources */,
				7849E1BE266294B6003DBD19 /* PlantIdPlantRecognitionServiceProxy.swift in Sources */,
				78CF13CC265A990200D5815F /* HomePageViewController.swift in Sources */,
				7849E1A9266267D6003DBD19 /* UIViewController+AlertPresentable.swift in Sources */,
				78DED1D8267E846100A7BC84 /* LocalizationStrings.swift in Sources */,
				782DD974265AA7F900FDE44B /* ImagePickerManager.swift in Sources */,
				78E8E1FF26811177000695A9 /* PlantCardView.swift in Sources */,
				78DED1A6267E639500A7BC84 /* MyPlantsTabRouter.swift in Sources */,
				78DED1D7267E846100A7BC84 /* ImageAssets.swift in Sources */,
				78989D40265EE8B500D5DAC5 /* PlantRecognitionServiceProxyProtocol.swift in Sources */,
				78C7259F2663B5F4005AA717 /* LoaderPresentable.swift in Sources */,
				7849E1AC26626A49003DBD19 /* PlantIdSuggestionDetails.swift in Sources */,
				786F571B265D9A0E004E45EF /* PlantIdSuggestions.swift in Sources */,
				78DED1BC267E641100A7BC84 /* SettingsTabView.swift in Sources */,
				7849E1C82663AEE8003DBD19 /* PlantRecognitionServiceProxyResult.swift in Sources */,
				78DED1BB267E641100A7BC84 /* SettingsTabViewController.swift in Sources */,
				78989D3C265EE78400D5DAC5 /* PlantIdIdentifyRequest.swift in Sources */,
				78DED1A5267E639500A7BC84 /* MyPlantsTabFactory.swift in Sources */,
				782DD96C265A9FE700FDE44B /* HomePageView.swift in Sources */,
				78DED1C8267E64AA00A7BC84 /* MainTabBarViewModel.swift in Sources */,
				78DED1B3267E640400A7BC84 /* SearchTabViewModel.swift in Sources */,
				78DED1BD267E641100A7BC84 /* SettingsTabViewModel.swift in Sources */,
				78DED1B2267E640400A7BC84 /* SearchTabView.swift in Sources */,
				78DED1A7267E639500A7BC84 /* MyPlantsTabViewController.swift in Sources */,
				7849E1C62663AAB6003DBD19 /* UIStackView+Extensions.swift in Sources */,
				786F571D265D9A39004E45EF /* PlantIdSuggestion.swift in Sources */,
				7843D535267FA74100768083 /* TextStyle.swift in Sources */,
				78DED1B0267E640400A7BC84 /* SearchTabRouter.swift in Sources */,
				782D0639265C2CDD001DE889 /* HomePageRouter.swift in Sources */,
				78C7259D2663B5C2005AA717 /* UIView+LoaderPresentable.swift in Sources */,
				78B33435268132A200D31353 /* Copyable.swift in Sources */,
				78DED1B1267E640400A7BC84 /* SearchTabViewController.swift in Sources */,
				7849E1BC266293F1003DBD19 /* UIImage+Base64.swift in Sources */,
				78DED1AF267E640400A7BC84 /* SearchTabFactory.swift in Sources */,
				781B39F1267F51C300A90EC2 /* MainTabBarTabView.swift in Sources */,
				786F5721265D9ABF004E45EF /* PlantIdServiceProtocol.swift in Sources */,
				7849E1C42663A6F8003DBD19 /* PlantRecognitionResultView.swift in Sources */,
				78C725A52663B9AD005AA717 /* UIImage+Resize.swift in Sources */,
				7843D53B267FB91200768083 /* TextStyle+Default.swift in Sources */,
				78DED1C5267E64AA00A7BC84 /* MainTabBarRouter.swift in Sources */,
				782DD96F265AA15900FDE44B /* UIView+Extensions.swift in Sources */,
				78C725A32663B6CB005AA717 /* Double+Round.swift in Sources */,
				7891EE79265D7D6A005BEAE1 /* Transitionable.swift in Sources */,
				7849E1AE26626C72003DBD19 /* PlantIdService.swift in Sources */,
				7849E1C0266395B5003DBD19 /* Action.swift in Sources */,
				7849E1A326626265003DBD19 /* NetworkError.swift in Sources */,
				78E8E201268114FD000695A9 /* CGFloat+Gaps.swift in Sources */,
			);
			runOnlyForDeploymentPostprocessing = 0;
		};
		78FB9295265A915A00986DA5 /* Sources */ = {
			isa = PBXSourcesBuildPhase;
			buildActionMask = 2147483647;
			files = (
				78FB929E265A915A00986DA5 /* PlantRecognitionTests.swift in Sources */,
			);
			runOnlyForDeploymentPostprocessing = 0;
		};
		78FB92A0265A915A00986DA5 /* Sources */ = {
			isa = PBXSourcesBuildPhase;
			buildActionMask = 2147483647;
			files = (
				78FB92A9265A915A00986DA5 /* PlantRecognitionUITests.swift in Sources */,
			);
			runOnlyForDeploymentPostprocessing = 0;
		};
/* End PBXSourcesBuildPhase section */

/* Begin PBXTargetDependency section */
		78FB929B265A915A00986DA5 /* PBXTargetDependency */ = {
			isa = PBXTargetDependency;
			target = 78FB9282265A915800986DA5 /* PlantRecognition */;
			targetProxy = 78FB929A265A915A00986DA5 /* PBXContainerItemProxy */;
		};
		78FB92A6265A915A00986DA5 /* PBXTargetDependency */ = {
			isa = PBXTargetDependency;
			target = 78FB9282265A915800986DA5 /* PlantRecognition */;
			targetProxy = 78FB92A5265A915A00986DA5 /* PBXContainerItemProxy */;
		};
/* End PBXTargetDependency section */

/* Begin PBXVariantGroup section */
		78DED1DD267E862700A7BC84 /* Localizable.strings */ = {
			isa = PBXVariantGroup;
			children = (
				78DED1DC267E862700A7BC84 /* en */,
				78DED1DE267E865E00A7BC84 /* ru */,
			);
			name = Localizable.strings;
			sourceTree = "<group>";
		};
		78FB9291265A915A00986DA5 /* LaunchScreen.storyboard */ = {
			isa = PBXVariantGroup;
			children = (
				78FB9292265A915A00986DA5 /* Base */,
			);
			name = LaunchScreen.storyboard;
			sourceTree = "<group>";
		};
/* End PBXVariantGroup section */

/* Begin XCBuildConfiguration section */
		78FB92AB265A915A00986DA5 /* Debug */ = {
			isa = XCBuildConfiguration;
			buildSettings = {
				ALWAYS_SEARCH_USER_PATHS = NO;
				CLANG_ANALYZER_LOCALIZABILITY_NONLOCALIZED = YES;
				CLANG_ANALYZER_NONNULL = YES;
				CLANG_ANALYZER_NUMBER_OBJECT_CONVERSION = YES_AGGRESSIVE;
				CLANG_CXX_LANGUAGE_STANDARD = "gnu++14";
				CLANG_CXX_LIBRARY = "libc++";
				CLANG_ENABLE_MODULES = YES;
				CLANG_ENABLE_OBJC_ARC = YES;
				CLANG_ENABLE_OBJC_WEAK = YES;
				CLANG_WARN_BLOCK_CAPTURE_AUTORELEASING = YES;
				CLANG_WARN_BOOL_CONVERSION = YES;
				CLANG_WARN_COMMA = YES;
				CLANG_WARN_CONSTANT_CONVERSION = YES;
				CLANG_WARN_DEPRECATED_OBJC_IMPLEMENTATIONS = YES;
				CLANG_WARN_DIRECT_OBJC_ISA_USAGE = YES_ERROR;
				CLANG_WARN_DOCUMENTATION_COMMENTS = YES;
				CLANG_WARN_EMPTY_BODY = YES;
				CLANG_WARN_ENUM_CONVERSION = YES;
				CLANG_WARN_INFINITE_RECURSION = YES;
				CLANG_WARN_INT_CONVERSION = YES;
				CLANG_WARN_NON_LITERAL_NULL_CONVERSION = YES;
				CLANG_WARN_OBJC_IMPLICIT_RETAIN_SELF = YES;
				CLANG_WARN_OBJC_LITERAL_CONVERSION = YES;
				CLANG_WARN_OBJC_ROOT_CLASS = YES_ERROR;
				CLANG_WARN_QUOTED_INCLUDE_IN_FRAMEWORK_HEADER = YES;
				CLANG_WARN_RANGE_LOOP_ANALYSIS = YES;
				CLANG_WARN_STRICT_PROTOTYPES = YES;
				CLANG_WARN_SUSPICIOUS_MOVE = YES;
				CLANG_WARN_UNGUARDED_AVAILABILITY = YES_AGGRESSIVE;
				CLANG_WARN_UNREACHABLE_CODE = YES;
				CLANG_WARN__DUPLICATE_METHOD_MATCH = YES;
				COPY_PHASE_STRIP = NO;
				DEBUG_INFORMATION_FORMAT = dwarf;
				ENABLE_STRICT_OBJC_MSGSEND = YES;
				ENABLE_TESTABILITY = YES;
				GCC_C_LANGUAGE_STANDARD = gnu11;
				GCC_DYNAMIC_NO_PIC = NO;
				GCC_NO_COMMON_BLOCKS = YES;
				GCC_OPTIMIZATION_LEVEL = 0;
				GCC_PREPROCESSOR_DEFINITIONS = (
					"DEBUG=1",
					"$(inherited)",
				);
				GCC_WARN_64_TO_32_BIT_CONVERSION = YES;
				GCC_WARN_ABOUT_RETURN_TYPE = YES_ERROR;
				GCC_WARN_UNDECLARED_SELECTOR = YES;
				GCC_WARN_UNINITIALIZED_AUTOS = YES_AGGRESSIVE;
				GCC_WARN_UNUSED_FUNCTION = YES;
				GCC_WARN_UNUSED_VARIABLE = YES;
				IPHONEOS_DEPLOYMENT_TARGET = 12.1;
				MTL_ENABLE_DEBUG_INFO = INCLUDE_SOURCE;
				MTL_FAST_MATH = YES;
				ONLY_ACTIVE_ARCH = YES;
				SDKROOT = iphoneos;
				SWIFT_ACTIVE_COMPILATION_CONDITIONS = DEBUG;
				SWIFT_OPTIMIZATION_LEVEL = "-Onone";
			};
			name = Debug;
		};
		78FB92AC265A915A00986DA5 /* Release */ = {
			isa = XCBuildConfiguration;
			buildSettings = {
				ALWAYS_SEARCH_USER_PATHS = NO;
				CLANG_ANALYZER_LOCALIZABILITY_NONLOCALIZED = YES;
				CLANG_ANALYZER_NONNULL = YES;
				CLANG_ANALYZER_NUMBER_OBJECT_CONVERSION = YES_AGGRESSIVE;
				CLANG_CXX_LANGUAGE_STANDARD = "gnu++14";
				CLANG_CXX_LIBRARY = "libc++";
				CLANG_ENABLE_MODULES = YES;
				CLANG_ENABLE_OBJC_ARC = YES;
				CLANG_ENABLE_OBJC_WEAK = YES;
				CLANG_WARN_BLOCK_CAPTURE_AUTORELEASING = YES;
				CLANG_WARN_BOOL_CONVERSION = YES;
				CLANG_WARN_COMMA = YES;
				CLANG_WARN_CONSTANT_CONVERSION = YES;
				CLANG_WARN_DEPRECATED_OBJC_IMPLEMENTATIONS = YES;
				CLANG_WARN_DIRECT_OBJC_ISA_USAGE = YES_ERROR;
				CLANG_WARN_DOCUMENTATION_COMMENTS = YES;
				CLANG_WARN_EMPTY_BODY = YES;
				CLANG_WARN_ENUM_CONVERSION = YES;
				CLANG_WARN_INFINITE_RECURSION = YES;
				CLANG_WARN_INT_CONVERSION = YES;
				CLANG_WARN_NON_LITERAL_NULL_CONVERSION = YES;
				CLANG_WARN_OBJC_IMPLICIT_RETAIN_SELF = YES;
				CLANG_WARN_OBJC_LITERAL_CONVERSION = YES;
				CLANG_WARN_OBJC_ROOT_CLASS = YES_ERROR;
				CLANG_WARN_QUOTED_INCLUDE_IN_FRAMEWORK_HEADER = YES;
				CLANG_WARN_RANGE_LOOP_ANALYSIS = YES;
				CLANG_WARN_STRICT_PROTOTYPES = YES;
				CLANG_WARN_SUSPICIOUS_MOVE = YES;
				CLANG_WARN_UNGUARDED_AVAILABILITY = YES_AGGRESSIVE;
				CLANG_WARN_UNREACHABLE_CODE = YES;
				CLANG_WARN__DUPLICATE_METHOD_MATCH = YES;
				COPY_PHASE_STRIP = NO;
				DEBUG_INFORMATION_FORMAT = "dwarf-with-dsym";
				ENABLE_NS_ASSERTIONS = NO;
				ENABLE_STRICT_OBJC_MSGSEND = YES;
				GCC_C_LANGUAGE_STANDARD = gnu11;
				GCC_NO_COMMON_BLOCKS = YES;
				GCC_WARN_64_TO_32_BIT_CONVERSION = YES;
				GCC_WARN_ABOUT_RETURN_TYPE = YES_ERROR;
				GCC_WARN_UNDECLARED_SELECTOR = YES;
				GCC_WARN_UNINITIALIZED_AUTOS = YES_AGGRESSIVE;
				GCC_WARN_UNUSED_FUNCTION = YES;
				GCC_WARN_UNUSED_VARIABLE = YES;
				IPHONEOS_DEPLOYMENT_TARGET = 12.1;
				MTL_ENABLE_DEBUG_INFO = NO;
				MTL_FAST_MATH = YES;
				SDKROOT = iphoneos;
				SWIFT_COMPILATION_MODE = wholemodule;
				SWIFT_OPTIMIZATION_LEVEL = "-O";
				VALIDATE_PRODUCT = YES;
			};
			name = Release;
		};
		78FB92AE265A915A00986DA5 /* Debug */ = {
			isa = XCBuildConfiguration;
			baseConfigurationReference = 1207E29BC8CAA2BD6F9FFBE2 /* Pods-PlantRecognition.debug.xcconfig */;
			buildSettings = {
				ASSETCATALOG_COMPILER_APPICON_NAME = AppIcon;
				ASSETCATALOG_COMPILER_GLOBAL_ACCENT_COLOR_NAME = AccentColor;
				CODE_SIGN_STYLE = Automatic;
				CURRENT_PROJECT_VERSION = 3;
				DEBUG_INFORMATION_FORMAT = dwarf;
				DEVELOPMENT_TEAM = 86PK8S9X9K;
				INFOPLIST_FILE = PlantRecognition/Info.plist;
				IPHONEOS_DEPLOYMENT_TARGET = 12.1;
				LD_RUNPATH_SEARCH_PATHS = (
					"$(inherited)",
					"@executable_path/Frameworks",
				);
				PRODUCT_BUNDLE_IDENTIFIER = com.novadosoft.plantrecognition.PlantRecognition;
				PRODUCT_NAME = "$(TARGET_NAME)";
				SWIFT_VERSION = 5.0;
				TARGETED_DEVICE_FAMILY = "1,2";
			};
			name = Debug;
		};
		78FB92AF265A915A00986DA5 /* Release */ = {
			isa = XCBuildConfiguration;
			baseConfigurationReference = 0C66529D59DA9B77B7E17012 /* Pods-PlantRecognition.release.xcconfig */;
			buildSettings = {
				ASSETCATALOG_COMPILER_APPICON_NAME = AppIcon;
				ASSETCATALOG_COMPILER_GLOBAL_ACCENT_COLOR_NAME = AccentColor;
				CODE_SIGN_STYLE = Automatic;
				CURRENT_PROJECT_VERSION = 3;
				DEVELOPMENT_TEAM = 86PK8S9X9K;
				INFOPLIST_FILE = PlantRecognition/Info.plist;
				IPHONEOS_DEPLOYMENT_TARGET = 12.1;
				LD_RUNPATH_SEARCH_PATHS = (
					"$(inherited)",
					"@executable_path/Frameworks",
				);
				PRODUCT_BUNDLE_IDENTIFIER = com.novadosoft.plantrecognition.PlantRecognition;
				PRODUCT_NAME = "$(TARGET_NAME)";
				SWIFT_VERSION = 5.0;
				TARGETED_DEVICE_FAMILY = "1,2";
			};
			name = Release;
		};
		78FB92B1265A915A00986DA5 /* Debug */ = {
			isa = XCBuildConfiguration;
			baseConfigurationReference = E36DD1C906E6665128AD0E4A /* Pods-PlantRecognitionTests.debug.xcconfig */;
			buildSettings = {
				ALWAYS_EMBED_SWIFT_STANDARD_LIBRARIES = YES;
				BUNDLE_LOADER = "$(TEST_HOST)";
				CODE_SIGN_STYLE = Automatic;
				DEVELOPMENT_TEAM = 86PK8S9X9K;
				INFOPLIST_FILE = PlantRecognitionTests/Info.plist;
				IPHONEOS_DEPLOYMENT_TARGET = 12.1;
				LD_RUNPATH_SEARCH_PATHS = (
					"$(inherited)",
					"@executable_path/Frameworks",
					"@loader_path/Frameworks",
				);
				PRODUCT_BUNDLE_IDENTIFIER = com.novadosoft.plantrecognition.PlantRecognitionTests;
				PRODUCT_NAME = "$(TARGET_NAME)";
				SWIFT_VERSION = 5.0;
				TARGETED_DEVICE_FAMILY = "1,2";
				TEST_HOST = "$(BUILT_PRODUCTS_DIR)/PlantRecognition.app/PlantRecognition";
			};
			name = Debug;
		};
		78FB92B2265A915A00986DA5 /* Release */ = {
			isa = XCBuildConfiguration;
			baseConfigurationReference = 6DD2E0704627A14ADC7966F7 /* Pods-PlantRecognitionTests.release.xcconfig */;
			buildSettings = {
				ALWAYS_EMBED_SWIFT_STANDARD_LIBRARIES = YES;
				BUNDLE_LOADER = "$(TEST_HOST)";
				CODE_SIGN_STYLE = Automatic;
				DEVELOPMENT_TEAM = 86PK8S9X9K;
				INFOPLIST_FILE = PlantRecognitionTests/Info.plist;
				IPHONEOS_DEPLOYMENT_TARGET = 12.1;
				LD_RUNPATH_SEARCH_PATHS = (
					"$(inherited)",
					"@executable_path/Frameworks",
					"@loader_path/Frameworks",
				);
				PRODUCT_BUNDLE_IDENTIFIER = com.novadosoft.plantrecognition.PlantRecognitionTests;
				PRODUCT_NAME = "$(TARGET_NAME)";
				SWIFT_VERSION = 5.0;
				TARGETED_DEVICE_FAMILY = "1,2";
				TEST_HOST = "$(BUILT_PRODUCTS_DIR)/PlantRecognition.app/PlantRecognition";
			};
			name = Release;
		};
		78FB92B4265A915A00986DA5 /* Debug */ = {
			isa = XCBuildConfiguration;
			baseConfigurationReference = AE28079DD7BF2609285FAAB7 /* Pods-PlantRecognition-PlantRecognitionUITests.debug.xcconfig */;
			buildSettings = {
				ALWAYS_EMBED_SWIFT_STANDARD_LIBRARIES = YES;
				CODE_SIGN_STYLE = Automatic;
				DEVELOPMENT_TEAM = 86PK8S9X9K;
				INFOPLIST_FILE = PlantRecognitionUITests/Info.plist;
				LD_RUNPATH_SEARCH_PATHS = (
					"$(inherited)",
					"@executable_path/Frameworks",
					"@loader_path/Frameworks",
				);
				PRODUCT_BUNDLE_IDENTIFIER = com.novadosoft.plantrecognition.PlantRecognitionUITests;
				PRODUCT_NAME = "$(TARGET_NAME)";
				SWIFT_VERSION = 5.0;
				TARGETED_DEVICE_FAMILY = "1,2";
				TEST_TARGET_NAME = PlantRecognition;
			};
			name = Debug;
		};
		78FB92B5265A915A00986DA5 /* Release */ = {
			isa = XCBuildConfiguration;
			baseConfigurationReference = E370DC473E3D7482A98FAACB /* Pods-PlantRecognition-PlantRecognitionUITests.release.xcconfig */;
			buildSettings = {
				ALWAYS_EMBED_SWIFT_STANDARD_LIBRARIES = YES;
				CODE_SIGN_STYLE = Automatic;
				DEVELOPMENT_TEAM = 86PK8S9X9K;
				INFOPLIST_FILE = PlantRecognitionUITests/Info.plist;
				LD_RUNPATH_SEARCH_PATHS = (
					"$(inherited)",
					"@executable_path/Frameworks",
					"@loader_path/Frameworks",
				);
				PRODUCT_BUNDLE_IDENTIFIER = com.novadosoft.plantrecognition.PlantRecognitionUITests;
				PRODUCT_NAME = "$(TARGET_NAME)";
				SWIFT_VERSION = 5.0;
				TARGETED_DEVICE_FAMILY = "1,2";
				TEST_TARGET_NAME = PlantRecognition;
			};
			name = Release;
		};
/* End XCBuildConfiguration section */

/* Begin XCConfigurationList section */
		78FB927E265A915800986DA5 /* Build configuration list for PBXProject "PlantRecognition" */ = {
			isa = XCConfigurationList;
			buildConfigurations = (
				78FB92AB265A915A00986DA5 /* Debug */,
				78FB92AC265A915A00986DA5 /* Release */,
			);
			defaultConfigurationIsVisible = 0;
			defaultConfigurationName = Release;
		};
		78FB92AD265A915A00986DA5 /* Build configuration list for PBXNativeTarget "PlantRecognition" */ = {
			isa = XCConfigurationList;
			buildConfigurations = (
				78FB92AE265A915A00986DA5 /* Debug */,
				78FB92AF265A915A00986DA5 /* Release */,
			);
			defaultConfigurationIsVisible = 0;
			defaultConfigurationName = Release;
		};
		78FB92B0265A915A00986DA5 /* Build configuration list for PBXNativeTarget "PlantRecognitionTests" */ = {
			isa = XCConfigurationList;
			buildConfigurations = (
				78FB92B1265A915A00986DA5 /* Debug */,
				78FB92B2265A915A00986DA5 /* Release */,
			);
			defaultConfigurationIsVisible = 0;
			defaultConfigurationName = Release;
		};
		78FB92B3265A915A00986DA5 /* Build configuration list for PBXNativeTarget "PlantRecognitionUITests" */ = {
			isa = XCConfigurationList;
			buildConfigurations = (
				78FB92B4265A915A00986DA5 /* Debug */,
				78FB92B5265A915A00986DA5 /* Release */,
			);
			defaultConfigurationIsVisible = 0;
			defaultConfigurationName = Release;
		};
/* End XCConfigurationList section */
	};
	rootObject = 78FB927B265A915800986DA5 /* Project object */;
}
